
Microsoft Visual Studio Solution File, Format Version 12.00
# Visual Studio 15
VisualStudioVersion = 15.0.27428.2015
MinimumVisualStudioVersion = 10.0.40219.1
Project("{FAE04EC0-301F-11D3-BF4B-00C04F79EFBC}") = "UwpImaging", "UwpImaging\UwpImaging.csproj", "{C74DBE0D-AD6B-44AE-99EB-DDA719CDAAE7}"
EndProject
Project("{9A19103F-16F7-4668-BE54-9A1E7A4F7556}") = "Imaging", "Imaging\Imaging.csproj", "{D783DC4D-FCF4-417A-A1AB-F22D98A24C99}"
EndProject
Project("{FAE04EC0-301F-11D3-BF4B-00C04F79EFBC}") = "ImagingClient", "ImagingClient\ImagingClient.csproj", "{58B85817-C4C5-4579-ABDC-03E8F84530B1}"
EndProject
Project("{FAE04EC0-301F-11D3-BF4B-00C04F79EFBC}") = "ImagingClient.Wpf", "ImagingClient.Wpf\ImagingClient.Wpf.csproj", "{4FA84195-8677-436B-B711-28541AD0C09A}"
EndProject
Project("{FAE04EC0-301F-11D3-BF4B-00C04F79EFBC}") = "ImagingClient.Uwp", "ImagingClient.Uwp\ImagingClient.Uwp.csproj", "{ABF146D7-00AF-462B-8A9E-0F02EE0F43C6}"
EndProject
Project("{9A19103F-16F7-4668-BE54-9A1E7A4F7556}") = "ImagingClient.Core", "ImagingClient.Core\ImagingClient.Core.csproj", "{5B552F82-CE4F-448C-9B96-D3CE3661A771}"
EndProject
Project("{FAE04EC0-301F-11D3-BF4B-00C04F79EFBC}") = "ImagingClient.Android", "ImagingClient.Android\ImagingClient.Android.csproj", "{FADF0E1F-4116-4E7E-8F07-298DA4C20535}"
EndProject
Project("{FAE04EC0-301F-11D3-BF4B-00C04F79EFBC}") = "ImagingClient.XamarinForms.Android", "ImagingClient.XamarinForms\ImagingClient.XamarinForms.Android\ImagingClient.XamarinForms.Android.csproj", "{43C151C3-EA9F-4AB1-AAC0-1DEBBB05342C}"
EndProject
Project("{FAE04EC0-301F-11D3-BF4B-00C04F79EFBC}") = "ImagingClient.XamarinForms.iOS", "ImagingClient.XamarinForms\ImagingClient.XamarinForms.iOS\ImagingClient.XamarinForms.iOS.csproj", "{652F7883-D662-4C9E-85F9-C3A0832E7E39}"
EndProject
Project("{FAE04EC0-301F-11D3-BF4B-00C04F79EFBC}") = "ImagingClient.XamarinForms.UWP", "ImagingClient.XamarinForms\ImagingClient.XamarinForms.UWP\ImagingClient.XamarinForms.UWP.csproj", "{C292F284-F68F-4B47-A7A2-449BE6DB6455}"
EndProject
Project("{FAE04EC0-301F-11D3-BF4B-00C04F79EFBC}") = "ImagingClient.XamarinForms", "ImagingClient.XamarinForms\ImagingClient.XamarinForms\ImagingClient.XamarinForms.csproj", "{C3EC0559-C739-4760-B71F-95A51F74C7AC}"
EndProject
Global
	GlobalSection(SolutionConfigurationPlatforms) = preSolution
		Ad-Hoc|Any CPU = Ad-Hoc|Any CPU
		Ad-Hoc|ARM = Ad-Hoc|ARM
		Ad-Hoc|iPhone = Ad-Hoc|iPhone
		Ad-Hoc|iPhoneSimulator = Ad-Hoc|iPhoneSimulator
		Ad-Hoc|x64 = Ad-Hoc|x64
		Ad-Hoc|x86 = Ad-Hoc|x86
		AppStore|Any CPU = AppStore|Any CPU
		AppStore|ARM = AppStore|ARM
		AppStore|iPhone = AppStore|iPhone
		AppStore|iPhoneSimulator = AppStore|iPhoneSimulator
		AppStore|x64 = AppStore|x64
		AppStore|x86 = AppStore|x86
		Debug|Any CPU = Debug|Any CPU
		Debug|ARM = Debug|ARM
		Debug|iPhone = Debug|iPhone
		Debug|iPhoneSimulator = Debug|iPhoneSimulator
		Debug|x64 = Debug|x64
		Debug|x86 = Debug|x86
		Release|Any CPU = Release|Any CPU
		Release|ARM = Release|ARM
		Release|iPhone = Release|iPhone
		Release|iPhoneSimulator = Release|iPhoneSimulator
		Release|x64 = Release|x64
		Release|x86 = Release|x86
	EndGlobalSection
	GlobalSection(ProjectConfigurationPlatforms) = postSolution
		{C74DBE0D-AD6B-44AE-99EB-DDA719CDAAE7}.Ad-Hoc|Any CPU.ActiveCfg = Release|x64
		{C74DBE0D-AD6B-44AE-99EB-DDA719CDAAE7}.Ad-Hoc|Any CPU.Build.0 = Release|x64
		{C74DBE0D-AD6B-44AE-99EB-DDA719CDAAE7}.Ad-Hoc|Any CPU.Deploy.0 = Release|x64
		{C74DBE0D-AD6B-44AE-99EB-DDA719CDAAE7}.Ad-Hoc|ARM.ActiveCfg = Release|ARM
		{C74DBE0D-AD6B-44AE-99EB-DDA719CDAAE7}.Ad-Hoc|ARM.Build.0 = Release|ARM
		{C74DBE0D-AD6B-44AE-99EB-DDA719CDAAE7}.Ad-Hoc|ARM.Deploy.0 = Release|ARM
		{C74DBE0D-AD6B-44AE-99EB-DDA719CDAAE7}.Ad-Hoc|iPhone.ActiveCfg = Release|x64
		{C74DBE0D-AD6B-44AE-99EB-DDA719CDAAE7}.Ad-Hoc|iPhone.Build.0 = Release|x64
		{C74DBE0D-AD6B-44AE-99EB-DDA719CDAAE7}.Ad-Hoc|iPhone.Deploy.0 = Release|x64
		{C74DBE0D-AD6B-44AE-99EB-DDA719CDAAE7}.Ad-Hoc|iPhoneSimulator.ActiveCfg = Release|x64
		{C74DBE0D-AD6B-44AE-99EB-DDA719CDAAE7}.Ad-Hoc|iPhoneSimulator.Build.0 = Release|x64
		{C74DBE0D-AD6B-44AE-99EB-DDA719CDAAE7}.Ad-Hoc|iPhoneSimulator.Deploy.0 = Release|x64
		{C74DBE0D-AD6B-44AE-99EB-DDA719CDAAE7}.Ad-Hoc|x64.ActiveCfg = Release|x64
		{C74DBE0D-AD6B-44AE-99EB-DDA719CDAAE7}.Ad-Hoc|x64.Build.0 = Release|x64
		{C74DBE0D-AD6B-44AE-99EB-DDA719CDAAE7}.Ad-Hoc|x64.Deploy.0 = Release|x64
		{C74DBE0D-AD6B-44AE-99EB-DDA719CDAAE7}.Ad-Hoc|x86.ActiveCfg = Release|x86
		{C74DBE0D-AD6B-44AE-99EB-DDA719CDAAE7}.Ad-Hoc|x86.Build.0 = Release|x86
		{C74DBE0D-AD6B-44AE-99EB-DDA719CDAAE7}.Ad-Hoc|x86.Deploy.0 = Release|x86
		{C74DBE0D-AD6B-44AE-99EB-DDA719CDAAE7}.AppStore|Any CPU.ActiveCfg = Release|x64
		{C74DBE0D-AD6B-44AE-99EB-DDA719CDAAE7}.AppStore|Any CPU.Build.0 = Release|x64
		{C74DBE0D-AD6B-44AE-99EB-DDA719CDAAE7}.AppStore|Any CPU.Deploy.0 = Release|x64
		{C74DBE0D-AD6B-44AE-99EB-DDA719CDAAE7}.AppStore|ARM.ActiveCfg = Release|ARM
		{C74DBE0D-AD6B-44AE-99EB-DDA719CDAAE7}.AppStore|ARM.Build.0 = Release|ARM
		{C74DBE0D-AD6B-44AE-99EB-DDA719CDAAE7}.AppStore|ARM.Deploy.0 = Release|ARM
		{C74DBE0D-AD6B-44AE-99EB-DDA719CDAAE7}.AppStore|iPhone.ActiveCfg = Release|x64
		{C74DBE0D-AD6B-44AE-99EB-DDA719CDAAE7}.AppStore|iPhone.Build.0 = Release|x64
		{C74DBE0D-AD6B-44AE-99EB-DDA719CDAAE7}.AppStore|iPhone.Deploy.0 = Release|x64
		{C74DBE0D-AD6B-44AE-99EB-DDA719CDAAE7}.AppStore|iPhoneSimulator.ActiveCfg = Release|x64
		{C74DBE0D-AD6B-44AE-99EB-DDA719CDAAE7}.AppStore|iPhoneSimulator.Build.0 = Release|x64
		{C74DBE0D-AD6B-44AE-99EB-DDA719CDAAE7}.AppStore|iPhoneSimulator.Deploy.0 = Release|x64
		{C74DBE0D-AD6B-44AE-99EB-DDA719CDAAE7}.AppStore|x64.ActiveCfg = Release|x64
		{C74DBE0D-AD6B-44AE-99EB-DDA719CDAAE7}.AppStore|x64.Build.0 = Release|x64
		{C74DBE0D-AD6B-44AE-99EB-DDA719CDAAE7}.AppStore|x64.Deploy.0 = Release|x64
		{C74DBE0D-AD6B-44AE-99EB-DDA719CDAAE7}.AppStore|x86.ActiveCfg = Release|x86
		{C74DBE0D-AD6B-44AE-99EB-DDA719CDAAE7}.AppStore|x86.Build.0 = Release|x86
		{C74DBE0D-AD6B-44AE-99EB-DDA719CDAAE7}.AppStore|x86.Deploy.0 = Release|x86
		{C74DBE0D-AD6B-44AE-99EB-DDA719CDAAE7}.Debug|Any CPU.ActiveCfg = Debug|x86
		{C74DBE0D-AD6B-44AE-99EB-DDA719CDAAE7}.Debug|ARM.ActiveCfg = Debug|ARM
		{C74DBE0D-AD6B-44AE-99EB-DDA719CDAAE7}.Debug|ARM.Build.0 = Debug|ARM
		{C74DBE0D-AD6B-44AE-99EB-DDA719CDAAE7}.Debug|ARM.Deploy.0 = Debug|ARM
		{C74DBE0D-AD6B-44AE-99EB-DDA719CDAAE7}.Debug|iPhone.ActiveCfg = Debug|x86
		{C74DBE0D-AD6B-44AE-99EB-DDA719CDAAE7}.Debug|iPhoneSimulator.ActiveCfg = Debug|x86
		{C74DBE0D-AD6B-44AE-99EB-DDA719CDAAE7}.Debug|x64.ActiveCfg = Debug|x64
		{C74DBE0D-AD6B-44AE-99EB-DDA719CDAAE7}.Debug|x64.Build.0 = Debug|x64
		{C74DBE0D-AD6B-44AE-99EB-DDA719CDAAE7}.Debug|x64.Deploy.0 = Debug|x64
		{C74DBE0D-AD6B-44AE-99EB-DDA719CDAAE7}.Debug|x86.ActiveCfg = Debug|x86
		{C74DBE0D-AD6B-44AE-99EB-DDA719CDAAE7}.Debug|x86.Build.0 = Debug|x86
		{C74DBE0D-AD6B-44AE-99EB-DDA719CDAAE7}.Debug|x86.Deploy.0 = Debug|x86
		{C74DBE0D-AD6B-44AE-99EB-DDA719CDAAE7}.Release|Any CPU.ActiveCfg = Release|x86
		{C74DBE0D-AD6B-44AE-99EB-DDA719CDAAE7}.Release|ARM.ActiveCfg = Release|ARM
		{C74DBE0D-AD6B-44AE-99EB-DDA719CDAAE7}.Release|ARM.Build.0 = Release|ARM
		{C74DBE0D-AD6B-44AE-99EB-DDA719CDAAE7}.Release|ARM.Deploy.0 = Release|ARM
		{C74DBE0D-AD6B-44AE-99EB-DDA719CDAAE7}.Release|iPhone.ActiveCfg = Release|x86
		{C74DBE0D-AD6B-44AE-99EB-DDA719CDAAE7}.Release|iPhoneSimulator.ActiveCfg = Release|x86
		{C74DBE0D-AD6B-44AE-99EB-DDA719CDAAE7}.Release|x64.ActiveCfg = Release|x64
		{C74DBE0D-AD6B-44AE-99EB-DDA719CDAAE7}.Release|x64.Build.0 = Release|x64
		{C74DBE0D-AD6B-44AE-99EB-DDA719CDAAE7}.Release|x64.Deploy.0 = Release|x64
		{C74DBE0D-AD6B-44AE-99EB-DDA719CDAAE7}.Release|x86.ActiveCfg = Release|x86
		{C74DBE0D-AD6B-44AE-99EB-DDA719CDAAE7}.Release|x86.Build.0 = Release|x86
		{C74DBE0D-AD6B-44AE-99EB-DDA719CDAAE7}.Release|x86.Deploy.0 = Release|x86
		{D783DC4D-FCF4-417A-A1AB-F22D98A24C99}.Ad-Hoc|Any CPU.ActiveCfg = Release|Any CPU
		{D783DC4D-FCF4-417A-A1AB-F22D98A24C99}.Ad-Hoc|Any CPU.Build.0 = Release|Any CPU
		{D783DC4D-FCF4-417A-A1AB-F22D98A24C99}.Ad-Hoc|ARM.ActiveCfg = Release|Any CPU
		{D783DC4D-FCF4-417A-A1AB-F22D98A24C99}.Ad-Hoc|ARM.Build.0 = Release|Any CPU
		{D783DC4D-FCF4-417A-A1AB-F22D98A24C99}.Ad-Hoc|iPhone.ActiveCfg = Release|Any CPU
		{D783DC4D-FCF4-417A-A1AB-F22D98A24C99}.Ad-Hoc|iPhone.Build.0 = Release|Any CPU
		{D783DC4D-FCF4-417A-A1AB-F22D98A24C99}.Ad-Hoc|iPhoneSimulator.ActiveCfg = Release|Any CPU
		{D783DC4D-FCF4-417A-A1AB-F22D98A24C99}.Ad-Hoc|iPhoneSimulator.Build.0 = Release|Any CPU
		{D783DC4D-FCF4-417A-A1AB-F22D98A24C99}.Ad-Hoc|x64.ActiveCfg = Release|Any CPU
		{D783DC4D-FCF4-417A-A1AB-F22D98A24C99}.Ad-Hoc|x64.Build.0 = Release|Any CPU
		{D783DC4D-FCF4-417A-A1AB-F22D98A24C99}.Ad-Hoc|x86.ActiveCfg = Release|Any CPU
		{D783DC4D-FCF4-417A-A1AB-F22D98A24C99}.Ad-Hoc|x86.Build.0 = Release|Any CPU
		{D783DC4D-FCF4-417A-A1AB-F22D98A24C99}.AppStore|Any CPU.ActiveCfg = Release|Any CPU
		{D783DC4D-FCF4-417A-A1AB-F22D98A24C99}.AppStore|Any CPU.Build.0 = Release|Any CPU
		{D783DC4D-FCF4-417A-A1AB-F22D98A24C99}.AppStore|ARM.ActiveCfg = Release|Any CPU
		{D783DC4D-FCF4-417A-A1AB-F22D98A24C99}.AppStore|ARM.Build.0 = Release|Any CPU
		{D783DC4D-FCF4-417A-A1AB-F22D98A24C99}.AppStore|iPhone.ActiveCfg = Release|Any CPU
		{D783DC4D-FCF4-417A-A1AB-F22D98A24C99}.AppStore|iPhone.Build.0 = Release|Any CPU
		{D783DC4D-FCF4-417A-A1AB-F22D98A24C99}.AppStore|iPhoneSimulator.ActiveCfg = Release|Any CPU
		{D783DC4D-FCF4-417A-A1AB-F22D98A24C99}.AppStore|iPhoneSimulator.Build.0 = Release|Any CPU
		{D783DC4D-FCF4-417A-A1AB-F22D98A24C99}.AppStore|x64.ActiveCfg = Release|Any CPU
		{D783DC4D-FCF4-417A-A1AB-F22D98A24C99}.AppStore|x64.Build.0 = Release|Any CPU
		{D783DC4D-FCF4-417A-A1AB-F22D98A24C99}.AppStore|x86.ActiveCfg = Release|Any CPU
		{D783DC4D-FCF4-417A-A1AB-F22D98A24C99}.AppStore|x86.Build.0 = Release|Any CPU
		{D783DC4D-FCF4-417A-A1AB-F22D98A24C99}.Debug|Any CPU.ActiveCfg = Debug|Any CPU
		{D783DC4D-FCF4-417A-A1AB-F22D98A24C99}.Debug|Any CPU.Build.0 = Debug|Any CPU
		{D783DC4D-FCF4-417A-A1AB-F22D98A24C99}.Debug|ARM.ActiveCfg = Debug|Any CPU
		{D783DC4D-FCF4-417A-A1AB-F22D98A24C99}.Debug|ARM.Build.0 = Debug|Any CPU
		{D783DC4D-FCF4-417A-A1AB-F22D98A24C99}.Debug|iPhone.ActiveCfg = Debug|Any CPU
		{D783DC4D-FCF4-417A-A1AB-F22D98A24C99}.Debug|iPhone.Build.0 = Debug|Any CPU
		{D783DC4D-FCF4-417A-A1AB-F22D98A24C99}.Debug|iPhoneSimulator.ActiveCfg = Debug|Any CPU
		{D783DC4D-FCF4-417A-A1AB-F22D98A24C99}.Debug|iPhoneSimulator.Build.0 = Debug|Any CPU
		{D783DC4D-FCF4-417A-A1AB-F22D98A24C99}.Debug|x64.ActiveCfg = Debug|Any CPU
		{D783DC4D-FCF4-417A-A1AB-F22D98A24C99}.Debug|x64.Build.0 = Debug|Any CPU
		{D783DC4D-FCF4-417A-A1AB-F22D98A24C99}.Debug|x86.ActiveCfg = Debug|Any CPU
		{D783DC4D-FCF4-417A-A1AB-F22D98A24C99}.Debug|x86.Build.0 = Debug|Any CPU
		{D783DC4D-FCF4-417A-A1AB-F22D98A24C99}.Release|Any CPU.ActiveCfg = Release|Any CPU
		{D783DC4D-FCF4-417A-A1AB-F22D98A24C99}.Release|Any CPU.Build.0 = Release|Any CPU
		{D783DC4D-FCF4-417A-A1AB-F22D98A24C99}.Release|ARM.ActiveCfg = Release|Any CPU
		{D783DC4D-FCF4-417A-A1AB-F22D98A24C99}.Release|ARM.Build.0 = Release|Any CPU
		{D783DC4D-FCF4-417A-A1AB-F22D98A24C99}.Release|iPhone.ActiveCfg = Release|Any CPU
		{D783DC4D-FCF4-417A-A1AB-F22D98A24C99}.Release|iPhone.Build.0 = Release|Any CPU
		{D783DC4D-FCF4-417A-A1AB-F22D98A24C99}.Release|iPhoneSimulator.ActiveCfg = Release|Any CPU
		{D783DC4D-FCF4-417A-A1AB-F22D98A24C99}.Release|iPhoneSimulator.Build.0 = Release|Any CPU
		{D783DC4D-FCF4-417A-A1AB-F22D98A24C99}.Release|x64.ActiveCfg = Release|Any CPU
		{D783DC4D-FCF4-417A-A1AB-F22D98A24C99}.Release|x64.Build.0 = Release|Any CPU
		{D783DC4D-FCF4-417A-A1AB-F22D98A24C99}.Release|x86.ActiveCfg = Release|Any CPU
		{D783DC4D-FCF4-417A-A1AB-F22D98A24C99}.Release|x86.Build.0 = Release|Any CPU
		{58B85817-C4C5-4579-ABDC-03E8F84530B1}.Ad-Hoc|Any CPU.ActiveCfg = Release|Any CPU
		{58B85817-C4C5-4579-ABDC-03E8F84530B1}.Ad-Hoc|Any CPU.Build.0 = Release|Any CPU
		{58B85817-C4C5-4579-ABDC-03E8F84530B1}.Ad-Hoc|ARM.ActiveCfg = Release|Any CPU
		{58B85817-C4C5-4579-ABDC-03E8F84530B1}.Ad-Hoc|ARM.Build.0 = Release|Any CPU
		{58B85817-C4C5-4579-ABDC-03E8F84530B1}.Ad-Hoc|iPhone.ActiveCfg = Release|Any CPU
		{58B85817-C4C5-4579-ABDC-03E8F84530B1}.Ad-Hoc|iPhone.Build.0 = Release|Any CPU
		{58B85817-C4C5-4579-ABDC-03E8F84530B1}.Ad-Hoc|iPhoneSimulator.ActiveCfg = Release|Any CPU
		{58B85817-C4C5-4579-ABDC-03E8F84530B1}.Ad-Hoc|iPhoneSimulator.Build.0 = Release|Any CPU
		{58B85817-C4C5-4579-ABDC-03E8F84530B1}.Ad-Hoc|x64.ActiveCfg = Release|Any CPU
		{58B85817-C4C5-4579-ABDC-03E8F84530B1}.Ad-Hoc|x64.Build.0 = Release|Any CPU
		{58B85817-C4C5-4579-ABDC-03E8F84530B1}.Ad-Hoc|x86.ActiveCfg = Release|Any CPU
		{58B85817-C4C5-4579-ABDC-03E8F84530B1}.Ad-Hoc|x86.Build.0 = Release|Any CPU
		{58B85817-C4C5-4579-ABDC-03E8F84530B1}.AppStore|Any CPU.ActiveCfg = Release|Any CPU
		{58B85817-C4C5-4579-ABDC-03E8F84530B1}.AppStore|Any CPU.Build.0 = Release|Any CPU
		{58B85817-C4C5-4579-ABDC-03E8F84530B1}.AppStore|ARM.ActiveCfg = Release|Any CPU
		{58B85817-C4C5-4579-ABDC-03E8F84530B1}.AppStore|ARM.Build.0 = Release|Any CPU
		{58B85817-C4C5-4579-ABDC-03E8F84530B1}.AppStore|iPhone.ActiveCfg = Release|Any CPU
		{58B85817-C4C5-4579-ABDC-03E8F84530B1}.AppStore|iPhone.Build.0 = Release|Any CPU
		{58B85817-C4C5-4579-ABDC-03E8F84530B1}.AppStore|iPhoneSimulator.ActiveCfg = Release|Any CPU
		{58B85817-C4C5-4579-ABDC-03E8F84530B1}.AppStore|iPhoneSimulator.Build.0 = Release|Any CPU
		{58B85817-C4C5-4579-ABDC-03E8F84530B1}.AppStore|x64.ActiveCfg = Release|Any CPU
		{58B85817-C4C5-4579-ABDC-03E8F84530B1}.AppStore|x64.Build.0 = Release|Any CPU
		{58B85817-C4C5-4579-ABDC-03E8F84530B1}.AppStore|x86.ActiveCfg = Release|Any CPU
		{58B85817-C4C5-4579-ABDC-03E8F84530B1}.AppStore|x86.Build.0 = Release|Any CPU
		{58B85817-C4C5-4579-ABDC-03E8F84530B1}.Debug|Any CPU.ActiveCfg = Debug|Any CPU
		{58B85817-C4C5-4579-ABDC-03E8F84530B1}.Debug|Any CPU.Build.0 = Debug|Any CPU
		{58B85817-C4C5-4579-ABDC-03E8F84530B1}.Debug|ARM.ActiveCfg = Debug|Any CPU
		{58B85817-C4C5-4579-ABDC-03E8F84530B1}.Debug|ARM.Build.0 = Debug|Any CPU
		{58B85817-C4C5-4579-ABDC-03E8F84530B1}.Debug|iPhone.ActiveCfg = Debug|Any CPU
		{58B85817-C4C5-4579-ABDC-03E8F84530B1}.Debug|iPhone.Build.0 = Debug|Any CPU
		{58B85817-C4C5-4579-ABDC-03E8F84530B1}.Debug|iPhoneSimulator.ActiveCfg = Debug|Any CPU
		{58B85817-C4C5-4579-ABDC-03E8F84530B1}.Debug|iPhoneSimulator.Build.0 = Debug|Any CPU
		{58B85817-C4C5-4579-ABDC-03E8F84530B1}.Debug|x64.ActiveCfg = Debug|Any CPU
		{58B85817-C4C5-4579-ABDC-03E8F84530B1}.Debug|x64.Build.0 = Debug|Any CPU
		{58B85817-C4C5-4579-ABDC-03E8F84530B1}.Debug|x86.ActiveCfg = Debug|Any CPU
		{58B85817-C4C5-4579-ABDC-03E8F84530B1}.Debug|x86.Build.0 = Debug|Any CPU
		{58B85817-C4C5-4579-ABDC-03E8F84530B1}.Release|Any CPU.ActiveCfg = Release|Any CPU
		{58B85817-C4C5-4579-ABDC-03E8F84530B1}.Release|Any CPU.Build.0 = Release|Any CPU
		{58B85817-C4C5-4579-ABDC-03E8F84530B1}.Release|ARM.ActiveCfg = Release|Any CPU
		{58B85817-C4C5-4579-ABDC-03E8F84530B1}.Release|ARM.Build.0 = Release|Any CPU
		{58B85817-C4C5-4579-ABDC-03E8F84530B1}.Release|iPhone.ActiveCfg = Release|Any CPU
		{58B85817-C4C5-4579-ABDC-03E8F84530B1}.Release|iPhone.Build.0 = Release|Any CPU
		{58B85817-C4C5-4579-ABDC-03E8F84530B1}.Release|iPhoneSimulator.ActiveCfg = Release|Any CPU
		{58B85817-C4C5-4579-ABDC-03E8F84530B1}.Release|iPhoneSimulator.Build.0 = Release|Any CPU
		{58B85817-C4C5-4579-ABDC-03E8F84530B1}.Release|x64.ActiveCfg = Release|Any CPU
		{58B85817-C4C5-4579-ABDC-03E8F84530B1}.Release|x64.Build.0 = Release|Any CPU
		{58B85817-C4C5-4579-ABDC-03E8F84530B1}.Release|x86.ActiveCfg = Release|Any CPU
		{58B85817-C4C5-4579-ABDC-03E8F84530B1}.Release|x86.Build.0 = Release|Any CPU
		{4FA84195-8677-436B-B711-28541AD0C09A}.Ad-Hoc|Any CPU.ActiveCfg = Release|Any CPU
		{4FA84195-8677-436B-B711-28541AD0C09A}.Ad-Hoc|Any CPU.Build.0 = Release|Any CPU
		{4FA84195-8677-436B-B711-28541AD0C09A}.Ad-Hoc|ARM.ActiveCfg = Release|Any CPU
		{4FA84195-8677-436B-B711-28541AD0C09A}.Ad-Hoc|ARM.Build.0 = Release|Any CPU
		{4FA84195-8677-436B-B711-28541AD0C09A}.Ad-Hoc|iPhone.ActiveCfg = Release|Any CPU
		{4FA84195-8677-436B-B711-28541AD0C09A}.Ad-Hoc|iPhone.Build.0 = Release|Any CPU
		{4FA84195-8677-436B-B711-28541AD0C09A}.Ad-Hoc|iPhoneSimulator.ActiveCfg = Release|Any CPU
		{4FA84195-8677-436B-B711-28541AD0C09A}.Ad-Hoc|iPhoneSimulator.Build.0 = Release|Any CPU
		{4FA84195-8677-436B-B711-28541AD0C09A}.Ad-Hoc|x64.ActiveCfg = Release|Any CPU
		{4FA84195-8677-436B-B711-28541AD0C09A}.Ad-Hoc|x64.Build.0 = Release|Any CPU
		{4FA84195-8677-436B-B711-28541AD0C09A}.Ad-Hoc|x86.ActiveCfg = Release|Any CPU
		{4FA84195-8677-436B-B711-28541AD0C09A}.Ad-Hoc|x86.Build.0 = Release|Any CPU
		{4FA84195-8677-436B-B711-28541AD0C09A}.AppStore|Any CPU.ActiveCfg = Release|Any CPU
		{4FA84195-8677-436B-B711-28541AD0C09A}.AppStore|Any CPU.Build.0 = Release|Any CPU
		{4FA84195-8677-436B-B711-28541AD0C09A}.AppStore|ARM.ActiveCfg = Release|Any CPU
		{4FA84195-8677-436B-B711-28541AD0C09A}.AppStore|ARM.Build.0 = Release|Any CPU
		{4FA84195-8677-436B-B711-28541AD0C09A}.AppStore|iPhone.ActiveCfg = Release|Any CPU
		{4FA84195-8677-436B-B711-28541AD0C09A}.AppStore|iPhone.Build.0 = Release|Any CPU
		{4FA84195-8677-436B-B711-28541AD0C09A}.AppStore|iPhoneSimulator.ActiveCfg = Release|Any CPU
		{4FA84195-8677-436B-B711-28541AD0C09A}.AppStore|iPhoneSimulator.Build.0 = Release|Any CPU
		{4FA84195-8677-436B-B711-28541AD0C09A}.AppStore|x64.ActiveCfg = Release|Any CPU
		{4FA84195-8677-436B-B711-28541AD0C09A}.AppStore|x64.Build.0 = Release|Any CPU
		{4FA84195-8677-436B-B711-28541AD0C09A}.AppStore|x86.ActiveCfg = Release|Any CPU
		{4FA84195-8677-436B-B711-28541AD0C09A}.AppStore|x86.Build.0 = Release|Any CPU
		{4FA84195-8677-436B-B711-28541AD0C09A}.Debug|Any CPU.ActiveCfg = Debug|Any CPU
		{4FA84195-8677-436B-B711-28541AD0C09A}.Debug|Any CPU.Build.0 = Debug|Any CPU
		{4FA84195-8677-436B-B711-28541AD0C09A}.Debug|ARM.ActiveCfg = Debug|Any CPU
		{4FA84195-8677-436B-B711-28541AD0C09A}.Debug|ARM.Build.0 = Debug|Any CPU
		{4FA84195-8677-436B-B711-28541AD0C09A}.Debug|iPhone.ActiveCfg = Debug|Any CPU
		{4FA84195-8677-436B-B711-28541AD0C09A}.Debug|iPhone.Build.0 = Debug|Any CPU
		{4FA84195-8677-436B-B711-28541AD0C09A}.Debug|iPhoneSimulator.ActiveCfg = Debug|Any CPU
		{4FA84195-8677-436B-B711-28541AD0C09A}.Debug|iPhoneSimulator.Build.0 = Debug|Any CPU
		{4FA84195-8677-436B-B711-28541AD0C09A}.Debug|x64.ActiveCfg = Debug|Any CPU
		{4FA84195-8677-436B-B711-28541AD0C09A}.Debug|x64.Build.0 = Debug|Any CPU
		{4FA84195-8677-436B-B711-28541AD0C09A}.Debug|x86.ActiveCfg = Debug|Any CPU
		{4FA84195-8677-436B-B711-28541AD0C09A}.Debug|x86.Build.0 = Debug|Any CPU
		{4FA84195-8677-436B-B711-28541AD0C09A}.Release|Any CPU.ActiveCfg = Release|Any CPU
		{4FA84195-8677-436B-B711-28541AD0C09A}.Release|Any CPU.Build.0 = Release|Any CPU
		{4FA84195-8677-436B-B711-28541AD0C09A}.Release|ARM.ActiveCfg = Release|Any CPU
		{4FA84195-8677-436B-B711-28541AD0C09A}.Release|ARM.Build.0 = Release|Any CPU
		{4FA84195-8677-436B-B711-28541AD0C09A}.Release|iPhone.ActiveCfg = Release|Any CPU
		{4FA84195-8677-436B-B711-28541AD0C09A}.Release|iPhone.Build.0 = Release|Any CPU
		{4FA84195-8677-436B-B711-28541AD0C09A}.Release|iPhoneSimulator.ActiveCfg = Release|Any CPU
		{4FA84195-8677-436B-B711-28541AD0C09A}.Release|iPhoneSimulator.Build.0 = Release|Any CPU
		{4FA84195-8677-436B-B711-28541AD0C09A}.Release|x64.ActiveCfg = Release|Any CPU
		{4FA84195-8677-436B-B711-28541AD0C09A}.Release|x64.Build.0 = Release|Any CPU
		{4FA84195-8677-436B-B711-28541AD0C09A}.Release|x86.ActiveCfg = Release|Any CPU
		{4FA84195-8677-436B-B711-28541AD0C09A}.Release|x86.Build.0 = Release|Any CPU
		{ABF146D7-00AF-462B-8A9E-0F02EE0F43C6}.Ad-Hoc|Any CPU.ActiveCfg = Release|x64
		{ABF146D7-00AF-462B-8A9E-0F02EE0F43C6}.Ad-Hoc|Any CPU.Build.0 = Release|x64
		{ABF146D7-00AF-462B-8A9E-0F02EE0F43C6}.Ad-Hoc|Any CPU.Deploy.0 = Release|x64
		{ABF146D7-00AF-462B-8A9E-0F02EE0F43C6}.Ad-Hoc|ARM.ActiveCfg = Release|ARM
		{ABF146D7-00AF-462B-8A9E-0F02EE0F43C6}.Ad-Hoc|ARM.Build.0 = Release|ARM
		{ABF146D7-00AF-462B-8A9E-0F02EE0F43C6}.Ad-Hoc|ARM.Deploy.0 = Release|ARM
		{ABF146D7-00AF-462B-8A9E-0F02EE0F43C6}.Ad-Hoc|iPhone.ActiveCfg = Release|x64
		{ABF146D7-00AF-462B-8A9E-0F02EE0F43C6}.Ad-Hoc|iPhone.Build.0 = Release|x64
		{ABF146D7-00AF-462B-8A9E-0F02EE0F43C6}.Ad-Hoc|iPhone.Deploy.0 = Release|x64
		{ABF146D7-00AF-462B-8A9E-0F02EE0F43C6}.Ad-Hoc|iPhoneSimulator.ActiveCfg = Release|x64
		{ABF146D7-00AF-462B-8A9E-0F02EE0F43C6}.Ad-Hoc|iPhoneSimulator.Build.0 = Release|x64
		{ABF146D7-00AF-462B-8A9E-0F02EE0F43C6}.Ad-Hoc|iPhoneSimulator.Deploy.0 = Release|x64
		{ABF146D7-00AF-462B-8A9E-0F02EE0F43C6}.Ad-Hoc|x64.ActiveCfg = Release|x64
		{ABF146D7-00AF-462B-8A9E-0F02EE0F43C6}.Ad-Hoc|x64.Build.0 = Release|x64
		{ABF146D7-00AF-462B-8A9E-0F02EE0F43C6}.Ad-Hoc|x64.Deploy.0 = Release|x64
		{ABF146D7-00AF-462B-8A9E-0F02EE0F43C6}.Ad-Hoc|x86.ActiveCfg = Release|x86
		{ABF146D7-00AF-462B-8A9E-0F02EE0F43C6}.Ad-Hoc|x86.Build.0 = Release|x86
		{ABF146D7-00AF-462B-8A9E-0F02EE0F43C6}.Ad-Hoc|x86.Deploy.0 = Release|x86
		{ABF146D7-00AF-462B-8A9E-0F02EE0F43C6}.AppStore|Any CPU.ActiveCfg = Release|x64
		{ABF146D7-00AF-462B-8A9E-0F02EE0F43C6}.AppStore|Any CPU.Build.0 = Release|x64
		{ABF146D7-00AF-462B-8A9E-0F02EE0F43C6}.AppStore|Any CPU.Deploy.0 = Release|x64
		{ABF146D7-00AF-462B-8A9E-0F02EE0F43C6}.AppStore|ARM.ActiveCfg = Release|ARM
		{ABF146D7-00AF-462B-8A9E-0F02EE0F43C6}.AppStore|ARM.Build.0 = Release|ARM
		{ABF146D7-00AF-462B-8A9E-0F02EE0F43C6}.AppStore|ARM.Deploy.0 = Release|ARM
		{ABF146D7-00AF-462B-8A9E-0F02EE0F43C6}.AppStore|iPhone.ActiveCfg = Release|x64
		{ABF146D7-00AF-462B-8A9E-0F02EE0F43C6}.AppStore|iPhone.Build.0 = Release|x64
		{ABF146D7-00AF-462B-8A9E-0F02EE0F43C6}.AppStore|iPhone.Deploy.0 = Release|x64
		{ABF146D7-00AF-462B-8A9E-0F02EE0F43C6}.AppStore|iPhoneSimulator.ActiveCfg = Release|x64
		{ABF146D7-00AF-462B-8A9E-0F02EE0F43C6}.AppStore|iPhoneSimulator.Build.0 = Release|x64
		{ABF146D7-00AF-462B-8A9E-0F02EE0F43C6}.AppStore|iPhoneSimulator.Deploy.0 = Release|x64
		{ABF146D7-00AF-462B-8A9E-0F02EE0F43C6}.AppStore|x64.ActiveCfg = Release|x64
		{ABF146D7-00AF-462B-8A9E-0F02EE0F43C6}.AppStore|x64.Build.0 = Release|x64
		{ABF146D7-00AF-462B-8A9E-0F02EE0F43C6}.AppStore|x64.Deploy.0 = Release|x64
		{ABF146D7-00AF-462B-8A9E-0F02EE0F43C6}.AppStore|x86.ActiveCfg = Release|x86
		{ABF146D7-00AF-462B-8A9E-0F02EE0F43C6}.AppStore|x86.Build.0 = Release|x86
		{ABF146D7-00AF-462B-8A9E-0F02EE0F43C6}.AppStore|x86.Deploy.0 = Release|x86
		{ABF146D7-00AF-462B-8A9E-0F02EE0F43C6}.Debug|Any CPU.ActiveCfg = Debug|x86
		{ABF146D7-00AF-462B-8A9E-0F02EE0F43C6}.Debug|ARM.ActiveCfg = Debug|ARM
		{ABF146D7-00AF-462B-8A9E-0F02EE0F43C6}.Debug|ARM.Build.0 = Debug|ARM
		{ABF146D7-00AF-462B-8A9E-0F02EE0F43C6}.Debug|ARM.Deploy.0 = Debug|ARM
		{ABF146D7-00AF-462B-8A9E-0F02EE0F43C6}.Debug|iPhone.ActiveCfg = Debug|x86
		{ABF146D7-00AF-462B-8A9E-0F02EE0F43C6}.Debug|iPhoneSimulator.ActiveCfg = Debug|x86
		{ABF146D7-00AF-462B-8A9E-0F02EE0F43C6}.Debug|x64.ActiveCfg = Debug|x64
		{ABF146D7-00AF-462B-8A9E-0F02EE0F43C6}.Debug|x64.Build.0 = Debug|x64
		{ABF146D7-00AF-462B-8A9E-0F02EE0F43C6}.Debug|x64.Deploy.0 = Debug|x64
		{ABF146D7-00AF-462B-8A9E-0F02EE0F43C6}.Debug|x86.ActiveCfg = Debug|x86
		{ABF146D7-00AF-462B-8A9E-0F02EE0F43C6}.Debug|x86.Build.0 = Debug|x86
		{ABF146D7-00AF-462B-8A9E-0F02EE0F43C6}.Debug|x86.Deploy.0 = Debug|x86
		{ABF146D7-00AF-462B-8A9E-0F02EE0F43C6}.Release|Any CPU.ActiveCfg = Release|x86
		{ABF146D7-00AF-462B-8A9E-0F02EE0F43C6}.Release|ARM.ActiveCfg = Release|ARM
		{ABF146D7-00AF-462B-8A9E-0F02EE0F43C6}.Release|ARM.Build.0 = Release|ARM
		{ABF146D7-00AF-462B-8A9E-0F02EE0F43C6}.Release|ARM.Deploy.0 = Release|ARM
		{ABF146D7-00AF-462B-8A9E-0F02EE0F43C6}.Release|iPhone.ActiveCfg = Release|x86
		{ABF146D7-00AF-462B-8A9E-0F02EE0F43C6}.Release|iPhoneSimulator.ActiveCfg = Release|x86
		{ABF146D7-00AF-462B-8A9E-0F02EE0F43C6}.Release|x64.ActiveCfg = Release|x64
		{ABF146D7-00AF-462B-8A9E-0F02EE0F43C6}.Release|x64.Build.0 = Release|x64
		{ABF146D7-00AF-462B-8A9E-0F02EE0F43C6}.Release|x64.Deploy.0 = Release|x64
		{ABF146D7-00AF-462B-8A9E-0F02EE0F43C6}.Release|x86.ActiveCfg = Release|x86
		{ABF146D7-00AF-462B-8A9E-0F02EE0F43C6}.Release|x86.Build.0 = Release|x86
		{ABF146D7-00AF-462B-8A9E-0F02EE0F43C6}.Release|x86.Deploy.0 = Release|x86
		{5B552F82-CE4F-448C-9B96-D3CE3661A771}.Ad-Hoc|Any CPU.ActiveCfg = Release|Any CPU
		{5B552F82-CE4F-448C-9B96-D3CE3661A771}.Ad-Hoc|Any CPU.Build.0 = Release|Any CPU
		{5B552F82-CE4F-448C-9B96-D3CE3661A771}.Ad-Hoc|ARM.ActiveCfg = Release|Any CPU
		{5B552F82-CE4F-448C-9B96-D3CE3661A771}.Ad-Hoc|ARM.Build.0 = Release|Any CPU
		{5B552F82-CE4F-448C-9B96-D3CE3661A771}.Ad-Hoc|iPhone.ActiveCfg = Release|Any CPU
		{5B552F82-CE4F-448C-9B96-D3CE3661A771}.Ad-Hoc|iPhone.Build.0 = Release|Any CPU
		{5B552F82-CE4F-448C-9B96-D3CE3661A771}.Ad-Hoc|iPhoneSimulator.ActiveCfg = Release|Any CPU
		{5B552F82-CE4F-448C-9B96-D3CE3661A771}.Ad-Hoc|iPhoneSimulator.Build.0 = Release|Any CPU
		{5B552F82-CE4F-448C-9B96-D3CE3661A771}.Ad-Hoc|x64.ActiveCfg = Release|Any CPU
		{5B552F82-CE4F-448C-9B96-D3CE3661A771}.Ad-Hoc|x64.Build.0 = Release|Any CPU
		{5B552F82-CE4F-448C-9B96-D3CE3661A771}.Ad-Hoc|x86.ActiveCfg = Release|Any CPU
		{5B552F82-CE4F-448C-9B96-D3CE3661A771}.Ad-Hoc|x86.Build.0 = Release|Any CPU
		{5B552F82-CE4F-448C-9B96-D3CE3661A771}.AppStore|Any CPU.ActiveCfg = Release|Any CPU
		{5B552F82-CE4F-448C-9B96-D3CE3661A771}.AppStore|Any CPU.Build.0 = Release|Any CPU
		{5B552F82-CE4F-448C-9B96-D3CE3661A771}.AppStore|ARM.ActiveCfg = Release|Any CPU
		{5B552F82-CE4F-448C-9B96-D3CE3661A771}.AppStore|ARM.Build.0 = Release|Any CPU
		{5B552F82-CE4F-448C-9B96-D3CE3661A771}.AppStore|iPhone.ActiveCfg = Release|Any CPU
		{5B552F82-CE4F-448C-9B96-D3CE3661A771}.AppStore|iPhone.Build.0 = Release|Any CPU
		{5B552F82-CE4F-448C-9B96-D3CE3661A771}.AppStore|iPhoneSimulator.ActiveCfg = Release|Any CPU
		{5B552F82-CE4F-448C-9B96-D3CE3661A771}.AppStore|iPhoneSimulator.Build.0 = Release|Any CPU
		{5B552F82-CE4F-448C-9B96-D3CE3661A771}.AppStore|x64.ActiveCfg = Release|Any CPU
		{5B552F82-CE4F-448C-9B96-D3CE3661A771}.AppStore|x64.Build.0 = Release|Any CPU
		{5B552F82-CE4F-448C-9B96-D3CE3661A771}.AppStore|x86.ActiveCfg = Release|Any CPU
		{5B552F82-CE4F-448C-9B96-D3CE3661A771}.AppStore|x86.Build.0 = Release|Any CPU
		{5B552F82-CE4F-448C-9B96-D3CE3661A771}.Debug|Any CPU.ActiveCfg = Debug|Any CPU
		{5B552F82-CE4F-448C-9B96-D3CE3661A771}.Debug|Any CPU.Build.0 = Debug|Any CPU
		{5B552F82-CE4F-448C-9B96-D3CE3661A771}.Debug|ARM.ActiveCfg = Debug|Any CPU
		{5B552F82-CE4F-448C-9B96-D3CE3661A771}.Debug|ARM.Build.0 = Debug|Any CPU
		{5B552F82-CE4F-448C-9B96-D3CE3661A771}.Debug|iPhone.ActiveCfg = Debug|Any CPU
		{5B552F82-CE4F-448C-9B96-D3CE3661A771}.Debug|iPhone.Build.0 = Debug|Any CPU
		{5B552F82-CE4F-448C-9B96-D3CE3661A771}.Debug|iPhoneSimulator.ActiveCfg = Debug|Any CPU
		{5B552F82-CE4F-448C-9B96-D3CE3661A771}.Debug|iPhoneSimulator.Build.0 = Debug|Any CPU
		{5B552F82-CE4F-448C-9B96-D3CE3661A771}.Debug|x64.ActiveCfg = Debug|Any CPU
		{5B552F82-CE4F-448C-9B96-D3CE3661A771}.Debug|x64.Build.0 = Debug|Any CPU
		{5B552F82-CE4F-448C-9B96-D3CE3661A771}.Debug|x86.ActiveCfg = Debug|Any CPU
		{5B552F82-CE4F-448C-9B96-D3CE3661A771}.Debug|x86.Build.0 = Debug|Any CPU
		{5B552F82-CE4F-448C-9B96-D3CE3661A771}.Release|Any CPU.ActiveCfg = Release|Any CPU
		{5B552F82-CE4F-448C-9B96-D3CE3661A771}.Release|Any CPU.Build.0 = Release|Any CPU
		{5B552F82-CE4F-448C-9B96-D3CE3661A771}.Release|ARM.ActiveCfg = Release|Any CPU
		{5B552F82-CE4F-448C-9B96-D3CE3661A771}.Release|ARM.Build.0 = Release|Any CPU
		{5B552F82-CE4F-448C-9B96-D3CE3661A771}.Release|iPhone.ActiveCfg = Release|Any CPU
		{5B552F82-CE4F-448C-9B96-D3CE3661A771}.Release|iPhone.Build.0 = Release|Any CPU
		{5B552F82-CE4F-448C-9B96-D3CE3661A771}.Release|iPhoneSimulator.ActiveCfg = Release|Any CPU
		{5B552F82-CE4F-448C-9B96-D3CE3661A771}.Release|iPhoneSimulator.Build.0 = Release|Any CPU
		{5B552F82-CE4F-448C-9B96-D3CE3661A771}.Release|x64.ActiveCfg = Release|Any CPU
		{5B552F82-CE4F-448C-9B96-D3CE3661A771}.Release|x64.Build.0 = Release|Any CPU
		{5B552F82-CE4F-448C-9B96-D3CE3661A771}.Release|x86.ActiveCfg = Release|Any CPU
		{5B552F82-CE4F-448C-9B96-D3CE3661A771}.Release|x86.Build.0 = Release|Any CPU
		{FADF0E1F-4116-4E7E-8F07-298DA4C20535}.Ad-Hoc|Any CPU.ActiveCfg = Release|Any CPU
		{FADF0E1F-4116-4E7E-8F07-298DA4C20535}.Ad-Hoc|Any CPU.Build.0 = Release|Any CPU
		{FADF0E1F-4116-4E7E-8F07-298DA4C20535}.Ad-Hoc|Any CPU.Deploy.0 = Release|Any CPU
		{FADF0E1F-4116-4E7E-8F07-298DA4C20535}.Ad-Hoc|ARM.ActiveCfg = Release|Any CPU
		{FADF0E1F-4116-4E7E-8F07-298DA4C20535}.Ad-Hoc|ARM.Build.0 = Release|Any CPU
		{FADF0E1F-4116-4E7E-8F07-298DA4C20535}.Ad-Hoc|ARM.Deploy.0 = Release|Any CPU
		{FADF0E1F-4116-4E7E-8F07-298DA4C20535}.Ad-Hoc|iPhone.ActiveCfg = Release|Any CPU
		{FADF0E1F-4116-4E7E-8F07-298DA4C20535}.Ad-Hoc|iPhone.Build.0 = Release|Any CPU
		{FADF0E1F-4116-4E7E-8F07-298DA4C20535}.Ad-Hoc|iPhone.Deploy.0 = Release|Any CPU
		{FADF0E1F-4116-4E7E-8F07-298DA4C20535}.Ad-Hoc|iPhoneSimulator.ActiveCfg = Release|Any CPU
		{FADF0E1F-4116-4E7E-8F07-298DA4C20535}.Ad-Hoc|iPhoneSimulator.Build.0 = Release|Any CPU
		{FADF0E1F-4116-4E7E-8F07-298DA4C20535}.Ad-Hoc|iPhoneSimulator.Deploy.0 = Release|Any CPU
		{FADF0E1F-4116-4E7E-8F07-298DA4C20535}.Ad-Hoc|x64.ActiveCfg = Release|Any CPU
		{FADF0E1F-4116-4E7E-8F07-298DA4C20535}.Ad-Hoc|x64.Build.0 = Release|Any CPU
		{FADF0E1F-4116-4E7E-8F07-298DA4C20535}.Ad-Hoc|x64.Deploy.0 = Release|Any CPU
		{FADF0E1F-4116-4E7E-8F07-298DA4C20535}.Ad-Hoc|x86.ActiveCfg = Release|Any CPU
		{FADF0E1F-4116-4E7E-8F07-298DA4C20535}.Ad-Hoc|x86.Build.0 = Release|Any CPU
		{FADF0E1F-4116-4E7E-8F07-298DA4C20535}.Ad-Hoc|x86.Deploy.0 = Release|Any CPU
		{FADF0E1F-4116-4E7E-8F07-298DA4C20535}.AppStore|Any CPU.ActiveCfg = Release|Any CPU
		{FADF0E1F-4116-4E7E-8F07-298DA4C20535}.AppStore|Any CPU.Build.0 = Release|Any CPU
		{FADF0E1F-4116-4E7E-8F07-298DA4C20535}.AppStore|Any CPU.Deploy.0 = Release|Any CPU
		{FADF0E1F-4116-4E7E-8F07-298DA4C20535}.AppStore|ARM.ActiveCfg = Release|Any CPU
		{FADF0E1F-4116-4E7E-8F07-298DA4C20535}.AppStore|ARM.Build.0 = Release|Any CPU
		{FADF0E1F-4116-4E7E-8F07-298DA4C20535}.AppStore|ARM.Deploy.0 = Release|Any CPU
		{FADF0E1F-4116-4E7E-8F07-298DA4C20535}.AppStore|iPhone.ActiveCfg = Release|Any CPU
		{FADF0E1F-4116-4E7E-8F07-298DA4C20535}.AppStore|iPhone.Build.0 = Release|Any CPU
		{FADF0E1F-4116-4E7E-8F07-298DA4C20535}.AppStore|iPhone.Deploy.0 = Release|Any CPU
		{FADF0E1F-4116-4E7E-8F07-298DA4C20535}.AppStore|iPhoneSimulator.ActiveCfg = Release|Any CPU
		{FADF0E1F-4116-4E7E-8F07-298DA4C20535}.AppStore|iPhoneSimulator.Build.0 = Release|Any CPU
		{FADF0E1F-4116-4E7E-8F07-298DA4C20535}.AppStore|iPhoneSimulator.Deploy.0 = Release|Any CPU
		{FADF0E1F-4116-4E7E-8F07-298DA4C20535}.AppStore|x64.ActiveCfg = Release|Any CPU
		{FADF0E1F-4116-4E7E-8F07-298DA4C20535}.AppStore|x64.Build.0 = Release|Any CPU
		{FADF0E1F-4116-4E7E-8F07-298DA4C20535}.AppStore|x64.Deploy.0 = Release|Any CPU
		{FADF0E1F-4116-4E7E-8F07-298DA4C20535}.AppStore|x86.ActiveCfg = Release|Any CPU
		{FADF0E1F-4116-4E7E-8F07-298DA4C20535}.AppStore|x86.Build.0 = Release|Any CPU
		{FADF0E1F-4116-4E7E-8F07-298DA4C20535}.AppStore|x86.Deploy.0 = Release|Any CPU
		{FADF0E1F-4116-4E7E-8F07-298DA4C20535}.Debug|Any CPU.ActiveCfg = Debug|Any CPU
		{FADF0E1F-4116-4E7E-8F07-298DA4C20535}.Debug|Any CPU.Build.0 = Debug|Any CPU
		{FADF0E1F-4116-4E7E-8F07-298DA4C20535}.Debug|Any CPU.Deploy.0 = Debug|Any CPU
		{FADF0E1F-4116-4E7E-8F07-298DA4C20535}.Debug|ARM.ActiveCfg = Debug|Any CPU
		{FADF0E1F-4116-4E7E-8F07-298DA4C20535}.Debug|ARM.Build.0 = Debug|Any CPU
		{FADF0E1F-4116-4E7E-8F07-298DA4C20535}.Debug|ARM.Deploy.0 = Debug|Any CPU
		{FADF0E1F-4116-4E7E-8F07-298DA4C20535}.Debug|iPhone.ActiveCfg = Debug|Any CPU
		{FADF0E1F-4116-4E7E-8F07-298DA4C20535}.Debug|iPhone.Build.0 = Debug|Any CPU
		{FADF0E1F-4116-4E7E-8F07-298DA4C20535}.Debug|iPhone.Deploy.0 = Debug|Any CPU
		{FADF0E1F-4116-4E7E-8F07-298DA4C20535}.Debug|iPhoneSimulator.ActiveCfg = Debug|Any CPU
		{FADF0E1F-4116-4E7E-8F07-298DA4C20535}.Debug|iPhoneSimulator.Build.0 = Debug|Any CPU
		{FADF0E1F-4116-4E7E-8F07-298DA4C20535}.Debug|iPhoneSimulator.Deploy.0 = Debug|Any CPU
		{FADF0E1F-4116-4E7E-8F07-298DA4C20535}.Debug|x64.ActiveCfg = Debug|Any CPU
		{FADF0E1F-4116-4E7E-8F07-298DA4C20535}.Debug|x64.Build.0 = Debug|Any CPU
		{FADF0E1F-4116-4E7E-8F07-298DA4C20535}.Debug|x64.Deploy.0 = Debug|Any CPU
		{FADF0E1F-4116-4E7E-8F07-298DA4C20535}.Debug|x86.ActiveCfg = Debug|Any CPU
		{FADF0E1F-4116-4E7E-8F07-298DA4C20535}.Debug|x86.Build.0 = Debug|Any CPU
		{FADF0E1F-4116-4E7E-8F07-298DA4C20535}.Debug|x86.Deploy.0 = Debug|Any CPU
		{FADF0E1F-4116-4E7E-8F07-298DA4C20535}.Release|Any CPU.ActiveCfg = Release|Any CPU
		{FADF0E1F-4116-4E7E-8F07-298DA4C20535}.Release|Any CPU.Build.0 = Release|Any CPU
		{FADF0E1F-4116-4E7E-8F07-298DA4C20535}.Release|Any CPU.Deploy.0 = Release|Any CPU
		{FADF0E1F-4116-4E7E-8F07-298DA4C20535}.Release|ARM.ActiveCfg = Release|Any CPU
		{FADF0E1F-4116-4E7E-8F07-298DA4C20535}.Release|ARM.Build.0 = Release|Any CPU
		{FADF0E1F-4116-4E7E-8F07-298DA4C20535}.Release|ARM.Deploy.0 = Release|Any CPU
		{FADF0E1F-4116-4E7E-8F07-298DA4C20535}.Release|iPhone.ActiveCfg = Release|Any CPU
		{FADF0E1F-4116-4E7E-8F07-298DA4C20535}.Release|iPhone.Build.0 = Release|Any CPU
		{FADF0E1F-4116-4E7E-8F07-298DA4C20535}.Release|iPhone.Deploy.0 = Release|Any CPU
		{FADF0E1F-4116-4E7E-8F07-298DA4C20535}.Release|iPhoneSimulator.ActiveCfg = Release|Any CPU
		{FADF0E1F-4116-4E7E-8F07-298DA4C20535}.Release|iPhoneSimulator.Build.0 = Release|Any CPU
		{FADF0E1F-4116-4E7E-8F07-298DA4C20535}.Release|iPhoneSimulator.Deploy.0 = Release|Any CPU
		{FADF0E1F-4116-4E7E-8F07-298DA4C20535}.Release|x64.ActiveCfg = Release|Any CPU
		{FADF0E1F-4116-4E7E-8F07-298DA4C20535}.Release|x64.Build.0 = Release|Any CPU
		{FADF0E1F-4116-4E7E-8F07-298DA4C20535}.Release|x64.Deploy.0 = Release|Any CPU
		{FADF0E1F-4116-4E7E-8F07-298DA4C20535}.Release|x86.ActiveCfg = Release|Any CPU
		{FADF0E1F-4116-4E7E-8F07-298DA4C20535}.Release|x86.Build.0 = Release|Any CPU
		{FADF0E1F-4116-4E7E-8F07-298DA4C20535}.Release|x86.Deploy.0 = Release|Any CPU
		{43C151C3-EA9F-4AB1-AAC0-1DEBBB05342C}.Ad-Hoc|Any CPU.ActiveCfg = Release|Any CPU
		{43C151C3-EA9F-4AB1-AAC0-1DEBBB05342C}.Ad-Hoc|Any CPU.Build.0 = Release|Any CPU
		{43C151C3-EA9F-4AB1-AAC0-1DEBBB05342C}.Ad-Hoc|Any CPU.Deploy.0 = Release|Any CPU
		{43C151C3-EA9F-4AB1-AAC0-1DEBBB05342C}.Ad-Hoc|ARM.ActiveCfg = Release|Any CPU
		{43C151C3-EA9F-4AB1-AAC0-1DEBBB05342C}.Ad-Hoc|ARM.Build.0 = Release|Any CPU
		{43C151C3-EA9F-4AB1-AAC0-1DEBBB05342C}.Ad-Hoc|ARM.Deploy.0 = Release|Any CPU
		{43C151C3-EA9F-4AB1-AAC0-1DEBBB05342C}.Ad-Hoc|iPhone.ActiveCfg = Release|Any CPU
		{43C151C3-EA9F-4AB1-AAC0-1DEBBB05342C}.Ad-Hoc|iPhone.Build.0 = Release|Any CPU
		{43C151C3-EA9F-4AB1-AAC0-1DEBBB05342C}.Ad-Hoc|iPhone.Deploy.0 = Release|Any CPU
		{43C151C3-EA9F-4AB1-AAC0-1DEBBB05342C}.Ad-Hoc|iPhoneSimulator.ActiveCfg = Release|Any CPU
		{43C151C3-EA9F-4AB1-AAC0-1DEBBB05342C}.Ad-Hoc|iPhoneSimulator.Build.0 = Release|Any CPU
		{43C151C3-EA9F-4AB1-AAC0-1DEBBB05342C}.Ad-Hoc|iPhoneSimulator.Deploy.0 = Release|Any CPU
		{43C151C3-EA9F-4AB1-AAC0-1DEBBB05342C}.Ad-Hoc|x64.ActiveCfg = Release|Any CPU
		{43C151C3-EA9F-4AB1-AAC0-1DEBBB05342C}.Ad-Hoc|x64.Build.0 = Release|Any CPU
		{43C151C3-EA9F-4AB1-AAC0-1DEBBB05342C}.Ad-Hoc|x64.Deploy.0 = Release|Any CPU
		{43C151C3-EA9F-4AB1-AAC0-1DEBBB05342C}.Ad-Hoc|x86.ActiveCfg = Release|Any CPU
		{43C151C3-EA9F-4AB1-AAC0-1DEBBB05342C}.Ad-Hoc|x86.Build.0 = Release|Any CPU
		{43C151C3-EA9F-4AB1-AAC0-1DEBBB05342C}.Ad-Hoc|x86.Deploy.0 = Release|Any CPU
		{43C151C3-EA9F-4AB1-AAC0-1DEBBB05342C}.AppStore|Any CPU.ActiveCfg = Release|Any CPU
		{43C151C3-EA9F-4AB1-AAC0-1DEBBB05342C}.AppStore|Any CPU.Build.0 = Release|Any CPU
		{43C151C3-EA9F-4AB1-AAC0-1DEBBB05342C}.AppStore|Any CPU.Deploy.0 = Release|Any CPU
		{43C151C3-EA9F-4AB1-AAC0-1DEBBB05342C}.AppStore|ARM.ActiveCfg = Release|Any CPU
		{43C151C3-EA9F-4AB1-AAC0-1DEBBB05342C}.AppStore|ARM.Build.0 = Release|Any CPU
		{43C151C3-EA9F-4AB1-AAC0-1DEBBB05342C}.AppStore|ARM.Deploy.0 = Release|Any CPU
		{43C151C3-EA9F-4AB1-AAC0-1DEBBB05342C}.AppStore|iPhone.ActiveCfg = Release|Any CPU
		{43C151C3-EA9F-4AB1-AAC0-1DEBBB05342C}.AppStore|iPhone.Build.0 = Release|Any CPU
		{43C151C3-EA9F-4AB1-AAC0-1DEBBB05342C}.AppStore|iPhone.Deploy.0 = Release|Any CPU
		{43C151C3-EA9F-4AB1-AAC0-1DEBBB05342C}.AppStore|iPhoneSimulator.ActiveCfg = Release|Any CPU
		{43C151C3-EA9F-4AB1-AAC0-1DEBBB05342C}.AppStore|iPhoneSimulator.Build.0 = Release|Any CPU
		{43C151C3-EA9F-4AB1-AAC0-1DEBBB05342C}.AppStore|iPhoneSimulator.Deploy.0 = Release|Any CPU
		{43C151C3-EA9F-4AB1-AAC0-1DEBBB05342C}.AppStore|x64.ActiveCfg = Release|Any CPU
		{43C151C3-EA9F-4AB1-AAC0-1DEBBB05342C}.AppStore|x64.Build.0 = Release|Any CPU
		{43C151C3-EA9F-4AB1-AAC0-1DEBBB05342C}.AppStore|x64.Deploy.0 = Release|Any CPU
		{43C151C3-EA9F-4AB1-AAC0-1DEBBB05342C}.AppStore|x86.ActiveCfg = Release|Any CPU
		{43C151C3-EA9F-4AB1-AAC0-1DEBBB05342C}.AppStore|x86.Build.0 = Release|Any CPU
		{43C151C3-EA9F-4AB1-AAC0-1DEBBB05342C}.AppStore|x86.Deploy.0 = Release|Any CPU
		{43C151C3-EA9F-4AB1-AAC0-1DEBBB05342C}.Debug|Any CPU.ActiveCfg = Debug|Any CPU
		{43C151C3-EA9F-4AB1-AAC0-1DEBBB05342C}.Debug|Any CPU.Build.0 = Debug|Any CPU
		{43C151C3-EA9F-4AB1-AAC0-1DEBBB05342C}.Debug|Any CPU.Deploy.0 = Debug|Any CPU
		{43C151C3-EA9F-4AB1-AAC0-1DEBBB05342C}.Debug|ARM.ActiveCfg = Debug|Any CPU
		{43C151C3-EA9F-4AB1-AAC0-1DEBBB05342C}.Debug|ARM.Build.0 = Debug|Any CPU
		{43C151C3-EA9F-4AB1-AAC0-1DEBBB05342C}.Debug|ARM.Deploy.0 = Debug|Any CPU
		{43C151C3-EA9F-4AB1-AAC0-1DEBBB05342C}.Debug|iPhone.ActiveCfg = Debug|Any CPU
		{43C151C3-EA9F-4AB1-AAC0-1DEBBB05342C}.Debug|iPhone.Build.0 = Debug|Any CPU
		{43C151C3-EA9F-4AB1-AAC0-1DEBBB05342C}.Debug|iPhone.Deploy.0 = Debug|Any CPU
		{43C151C3-EA9F-4AB1-AAC0-1DEBBB05342C}.Debug|iPhoneSimulator.ActiveCfg = Debug|Any CPU
		{43C151C3-EA9F-4AB1-AAC0-1DEBBB05342C}.Debug|iPhoneSimulator.Build.0 = Debug|Any CPU
		{43C151C3-EA9F-4AB1-AAC0-1DEBBB05342C}.Debug|iPhoneSimulator.Deploy.0 = Debug|Any CPU
		{43C151C3-EA9F-4AB1-AAC0-1DEBBB05342C}.Debug|x64.ActiveCfg = Debug|Any CPU
		{43C151C3-EA9F-4AB1-AAC0-1DEBBB05342C}.Debug|x64.Build.0 = Debug|Any CPU
		{43C151C3-EA9F-4AB1-AAC0-1DEBBB05342C}.Debug|x64.Deploy.0 = Debug|Any CPU
		{43C151C3-EA9F-4AB1-AAC0-1DEBBB05342C}.Debug|x86.ActiveCfg = Debug|Any CPU
		{43C151C3-EA9F-4AB1-AAC0-1DEBBB05342C}.Debug|x86.Build.0 = Debug|Any CPU
		{43C151C3-EA9F-4AB1-AAC0-1DEBBB05342C}.Debug|x86.Deploy.0 = Debug|Any CPU
		{43C151C3-EA9F-4AB1-AAC0-1DEBBB05342C}.Release|Any CPU.ActiveCfg = Release|Any CPU
		{43C151C3-EA9F-4AB1-AAC0-1DEBBB05342C}.Release|Any CPU.Build.0 = Release|Any CPU
		{43C151C3-EA9F-4AB1-AAC0-1DEBBB05342C}.Release|Any CPU.Deploy.0 = Release|Any CPU
		{43C151C3-EA9F-4AB1-AAC0-1DEBBB05342C}.Release|ARM.ActiveCfg = Release|Any CPU
		{43C151C3-EA9F-4AB1-AAC0-1DEBBB05342C}.Release|ARM.Build.0 = Release|Any CPU
		{43C151C3-EA9F-4AB1-AAC0-1DEBBB05342C}.Release|ARM.Deploy.0 = Release|Any CPU
		{43C151C3-EA9F-4AB1-AAC0-1DEBBB05342C}.Release|iPhone.ActiveCfg = Release|Any CPU
		{43C151C3-EA9F-4AB1-AAC0-1DEBBB05342C}.Release|iPhone.Build.0 = Release|Any CPU
		{43C151C3-EA9F-4AB1-AAC0-1DEBBB05342C}.Release|iPhone.Deploy.0 = Release|Any CPU
		{43C151C3-EA9F-4AB1-AAC0-1DEBBB05342C}.Release|iPhoneSimulator.ActiveCfg = Release|Any CPU
		{43C151C3-EA9F-4AB1-AAC0-1DEBBB05342C}.Release|iPhoneSimulator.Build.0 = Release|Any CPU
		{43C151C3-EA9F-4AB1-AAC0-1DEBBB05342C}.Release|iPhoneSimulator.Deploy.0 = Release|Any CPU
		{43C151C3-EA9F-4AB1-AAC0-1DEBBB05342C}.Release|x64.ActiveCfg = Release|Any CPU
		{43C151C3-EA9F-4AB1-AAC0-1DEBBB05342C}.Release|x64.Build.0 = Release|Any CPU
		{43C151C3-EA9F-4AB1-AAC0-1DEBBB05342C}.Release|x64.Deploy.0 = Release|Any CPU
		{43C151C3-EA9F-4AB1-AAC0-1DEBBB05342C}.Release|x86.ActiveCfg = Release|Any CPU
		{43C151C3-EA9F-4AB1-AAC0-1DEBBB05342C}.Release|x86.Build.0 = Release|Any CPU
		{43C151C3-EA9F-4AB1-AAC0-1DEBBB05342C}.Release|x86.Deploy.0 = Release|Any CPU
		{652F7883-D662-4C9E-85F9-C3A0832E7E39}.Ad-Hoc|Any CPU.ActiveCfg = Ad-Hoc|iPhone
		{652F7883-D662-4C9E-85F9-C3A0832E7E39}.Ad-Hoc|ARM.ActiveCfg = Ad-Hoc|iPhone
		{652F7883-D662-4C9E-85F9-C3A0832E7E39}.Ad-Hoc|iPhone.ActiveCfg = Ad-Hoc|iPhone
		{652F7883-D662-4C9E-85F9-C3A0832E7E39}.Ad-Hoc|iPhone.Build.0 = Ad-Hoc|iPhone
		{652F7883-D662-4C9E-85F9-C3A0832E7E39}.Ad-Hoc|iPhoneSimulator.ActiveCfg = Ad-Hoc|iPhoneSimulator
		{652F7883-D662-4C9E-85F9-C3A0832E7E39}.Ad-Hoc|iPhoneSimulator.Build.0 = Ad-Hoc|iPhoneSimulator
		{652F7883-D662-4C9E-85F9-C3A0832E7E39}.Ad-Hoc|x64.ActiveCfg = Ad-Hoc|iPhone
		{652F7883-D662-4C9E-85F9-C3A0832E7E39}.Ad-Hoc|x86.ActiveCfg = Ad-Hoc|iPhone
		{652F7883-D662-4C9E-85F9-C3A0832E7E39}.AppStore|Any CPU.ActiveCfg = AppStore|iPhone
		{652F7883-D662-4C9E-85F9-C3A0832E7E39}.AppStore|ARM.ActiveCfg = AppStore|iPhone
		{652F7883-D662-4C9E-85F9-C3A0832E7E39}.AppStore|iPhone.ActiveCfg = AppStore|iPhone
		{652F7883-D662-4C9E-85F9-C3A0832E7E39}.AppStore|iPhone.Build.0 = AppStore|iPhone
		{652F7883-D662-4C9E-85F9-C3A0832E7E39}.AppStore|iPhoneSimulator.ActiveCfg = AppStore|iPhoneSimulator
		{652F7883-D662-4C9E-85F9-C3A0832E7E39}.AppStore|iPhoneSimulator.Build.0 = AppStore|iPhoneSimulator
		{652F7883-D662-4C9E-85F9-C3A0832E7E39}.AppStore|x64.ActiveCfg = AppStore|iPhone
		{652F7883-D662-4C9E-85F9-C3A0832E7E39}.AppStore|x86.ActiveCfg = AppStore|iPhone
		{652F7883-D662-4C9E-85F9-C3A0832E7E39}.Debug|Any CPU.ActiveCfg = Debug|iPhone
		{652F7883-D662-4C9E-85F9-C3A0832E7E39}.Debug|ARM.ActiveCfg = Debug|iPhone
		{652F7883-D662-4C9E-85F9-C3A0832E7E39}.Debug|iPhone.ActiveCfg = Debug|iPhone
		{652F7883-D662-4C9E-85F9-C3A0832E7E39}.Debug|iPhone.Build.0 = Debug|iPhone
		{652F7883-D662-4C9E-85F9-C3A0832E7E39}.Debug|iPhoneSimulator.ActiveCfg = Debug|iPhoneSimulator
		{652F7883-D662-4C9E-85F9-C3A0832E7E39}.Debug|iPhoneSimulator.Build.0 = Debug|iPhoneSimulator
		{652F7883-D662-4C9E-85F9-C3A0832E7E39}.Debug|x64.ActiveCfg = Debug|iPhone
		{652F7883-D662-4C9E-85F9-C3A0832E7E39}.Debug|x86.ActiveCfg = Debug|iPhone
		{652F7883-D662-4C9E-85F9-C3A0832E7E39}.Release|Any CPU.ActiveCfg = Release|iPhone
		{652F7883-D662-4C9E-85F9-C3A0832E7E39}.Release|ARM.ActiveCfg = Release|iPhone
		{652F7883-D662-4C9E-85F9-C3A0832E7E39}.Release|iPhone.ActiveCfg = Release|iPhone
		{652F7883-D662-4C9E-85F9-C3A0832E7E39}.Release|iPhone.Build.0 = Release|iPhone
		{652F7883-D662-4C9E-85F9-C3A0832E7E39}.Release|iPhoneSimulator.ActiveCfg = Release|iPhoneSimulator
		{652F7883-D662-4C9E-85F9-C3A0832E7E39}.Release|iPhoneSimulator.Build.0 = Release|iPhoneSimulator
		{652F7883-D662-4C9E-85F9-C3A0832E7E39}.Release|x64.ActiveCfg = Release|iPhone
		{652F7883-D662-4C9E-85F9-C3A0832E7E39}.Release|x86.ActiveCfg = Release|iPhone
		{C292F284-F68F-4B47-A7A2-449BE6DB6455}.Ad-Hoc|Any CPU.ActiveCfg = Release|x86
		{C292F284-F68F-4B47-A7A2-449BE6DB6455}.Ad-Hoc|Any CPU.Build.0 = Release|x86
		{C292F284-F68F-4B47-A7A2-449BE6DB6455}.Ad-Hoc|Any CPU.Deploy.0 = Release|x86
		{C292F284-F68F-4B47-A7A2-449BE6DB6455}.Ad-Hoc|ARM.ActiveCfg = Release|ARM
		{C292F284-F68F-4B47-A7A2-449BE6DB6455}.Ad-Hoc|ARM.Build.0 = Release|ARM
		{C292F284-F68F-4B47-A7A2-449BE6DB6455}.Ad-Hoc|ARM.Deploy.0 = Release|ARM
		{C292F284-F68F-4B47-A7A2-449BE6DB6455}.Ad-Hoc|iPhone.ActiveCfg = Release|x86
		{C292F284-F68F-4B47-A7A2-449BE6DB6455}.Ad-Hoc|iPhone.Build.0 = Release|x86
		{C292F284-F68F-4B47-A7A2-449BE6DB6455}.Ad-Hoc|iPhone.Deploy.0 = Release|x86
		{C292F284-F68F-4B47-A7A2-449BE6DB6455}.Ad-Hoc|iPhoneSimulator.ActiveCfg = Release|x86
		{C292F284-F68F-4B47-A7A2-449BE6DB6455}.Ad-Hoc|iPhoneSimulator.Build.0 = Release|x86
		{C292F284-F68F-4B47-A7A2-449BE6DB6455}.Ad-Hoc|iPhoneSimulator.Deploy.0 = Release|x86
		{C292F284-F68F-4B47-A7A2-449BE6DB6455}.Ad-Hoc|x64.ActiveCfg = Release|x64
		{C292F284-F68F-4B47-A7A2-449BE6DB6455}.Ad-Hoc|x64.Build.0 = Release|x64
		{C292F284-F68F-4B47-A7A2-449BE6DB6455}.Ad-Hoc|x64.Deploy.0 = Release|x64
		{C292F284-F68F-4B47-A7A2-449BE6DB6455}.Ad-Hoc|x86.ActiveCfg = Release|x86
		{C292F284-F68F-4B47-A7A2-449BE6DB6455}.Ad-Hoc|x86.Build.0 = Release|x86
		{C292F284-F68F-4B47-A7A2-449BE6DB6455}.Ad-Hoc|x86.Deploy.0 = Release|x86
		{C292F284-F68F-4B47-A7A2-449BE6DB6455}.AppStore|Any CPU.ActiveCfg = Release|x86
		{C292F284-F68F-4B47-A7A2-449BE6DB6455}.AppStore|Any CPU.Build.0 = Release|x86
		{C292F284-F68F-4B47-A7A2-449BE6DB6455}.AppStore|Any CPU.Deploy.0 = Release|x86
		{C292F284-F68F-4B47-A7A2-449BE6DB6455}.AppStore|ARM.ActiveCfg = Release|ARM
		{C292F284-F68F-4B47-A7A2-449BE6DB6455}.AppStore|ARM.Build.0 = Release|ARM
		{C292F284-F68F-4B47-A7A2-449BE6DB6455}.AppStore|ARM.Deploy.0 = Release|ARM
		{C292F284-F68F-4B47-A7A2-449BE6DB6455}.AppStore|iPhone.ActiveCfg = Release|x86
		{C292F284-F68F-4B47-A7A2-449BE6DB6455}.AppStore|iPhone.Build.0 = Release|x86
		{C292F284-F68F-4B47-A7A2-449BE6DB6455}.AppStore|iPhone.Deploy.0 = Release|x86
		{C292F284-F68F-4B47-A7A2-449BE6DB6455}.AppStore|iPhoneSimulator.ActiveCfg = Release|x86
		{C292F284-F68F-4B47-A7A2-449BE6DB6455}.AppStore|iPhoneSimulator.Build.0 = Release|x86
		{C292F284-F68F-4B47-A7A2-449BE6DB6455}.AppStore|iPhoneSimulator.Deploy.0 = Release|x86
		{C292F284-F68F-4B47-A7A2-449BE6DB6455}.AppStore|x64.ActiveCfg = Release|x64
		{C292F284-F68F-4B47-A7A2-449BE6DB6455}.AppStore|x64.Build.0 = Release|x64
		{C292F284-F68F-4B47-A7A2-449BE6DB6455}.AppStore|x64.Deploy.0 = Release|x64
		{C292F284-F68F-4B47-A7A2-449BE6DB6455}.AppStore|x86.ActiveCfg = Release|x86
		{C292F284-F68F-4B47-A7A2-449BE6DB6455}.AppStore|x86.Build.0 = Release|x86
		{C292F284-F68F-4B47-A7A2-449BE6DB6455}.AppStore|x86.Deploy.0 = Release|x86
		{C292F284-F68F-4B47-A7A2-449BE6DB6455}.Debug|Any CPU.ActiveCfg = Debug|x86
		{C292F284-F68F-4B47-A7A2-449BE6DB6455}.Debug|ARM.ActiveCfg = Debug|ARM
		{C292F284-F68F-4B47-A7A2-449BE6DB6455}.Debug|ARM.Build.0 = Debug|ARM
		{C292F284-F68F-4B47-A7A2-449BE6DB6455}.Debug|ARM.Deploy.0 = Debug|ARM
		{C292F284-F68F-4B47-A7A2-449BE6DB6455}.Debug|iPhone.ActiveCfg = Debug|x86
		{C292F284-F68F-4B47-A7A2-449BE6DB6455}.Debug|iPhoneSimulator.ActiveCfg = Debug|x86
		{C292F284-F68F-4B47-A7A2-449BE6DB6455}.Debug|x64.ActiveCfg = Debug|x64
		{C292F284-F68F-4B47-A7A2-449BE6DB6455}.Debug|x64.Build.0 = Debug|x64
		{C292F284-F68F-4B47-A7A2-449BE6DB6455}.Debug|x64.Deploy.0 = Debug|x64
		{C292F284-F68F-4B47-A7A2-449BE6DB6455}.Debug|x86.ActiveCfg = Debug|x86
		{C292F284-F68F-4B47-A7A2-449BE6DB6455}.Debug|x86.Build.0 = Debug|x86
		{C292F284-F68F-4B47-A7A2-449BE6DB6455}.Debug|x86.Deploy.0 = Debug|x86
		{C292F284-F68F-4B47-A7A2-449BE6DB6455}.Release|Any CPU.ActiveCfg = Release|x86
		{C292F284-F68F-4B47-A7A2-449BE6DB6455}.Release|ARM.ActiveCfg = Release|ARM
		{C292F284-F68F-4B47-A7A2-449BE6DB6455}.Release|ARM.Build.0 = Release|ARM
		{C292F284-F68F-4B47-A7A2-449BE6DB6455}.Release|ARM.Deploy.0 = Release|ARM
		{C292F284-F68F-4B47-A7A2-449BE6DB6455}.Release|iPhone.ActiveCfg = Release|x86
		{C292F284-F68F-4B47-A7A2-449BE6DB6455}.Release|iPhoneSimulator.ActiveCfg = Release|x86
		{C292F284-F68F-4B47-A7A2-449BE6DB6455}.Release|x64.ActiveCfg = Release|x64
		{C292F284-F68F-4B47-A7A2-449BE6DB6455}.Release|x64.Build.0 = Release|x64
		{C292F284-F68F-4B47-A7A2-449BE6DB6455}.Release|x64.Deploy.0 = Release|x64
		{C292F284-F68F-4B47-A7A2-449BE6DB6455}.Release|x86.ActiveCfg = Release|x86
		{C292F284-F68F-4B47-A7A2-449BE6DB6455}.Release|x86.Build.0 = Release|x86
		{C292F284-F68F-4B47-A7A2-449BE6DB6455}.Release|x86.Deploy.0 = Release|x86
		{C3EC0559-C739-4760-B71F-95A51F74C7AC}.Ad-Hoc|Any CPU.ActiveCfg = Debug|Any CPU
		{C3EC0559-C739-4760-B71F-95A51F74C7AC}.Ad-Hoc|Any CPU.Build.0 = Debug|Any CPU
		{C3EC0559-C739-4760-B71F-95A51F74C7AC}.Ad-Hoc|ARM.ActiveCfg = Debug|Any CPU
		{C3EC0559-C739-4760-B71F-95A51F74C7AC}.Ad-Hoc|ARM.Build.0 = Debug|Any CPU
		{C3EC0559-C739-4760-B71F-95A51F74C7AC}.Ad-Hoc|iPhone.ActiveCfg = Debug|Any CPU
		{C3EC0559-C739-4760-B71F-95A51F74C7AC}.Ad-Hoc|iPhone.Build.0 = Debug|Any CPU
		{C3EC0559-C739-4760-B71F-95A51F74C7AC}.Ad-Hoc|iPhoneSimulator.ActiveCfg = Debug|Any CPU
		{C3EC0559-C739-4760-B71F-95A51F74C7AC}.Ad-Hoc|iPhoneSimulator.Build.0 = Debug|Any CPU
		{C3EC0559-C739-4760-B71F-95A51F74C7AC}.Ad-Hoc|x64.ActiveCfg = Debug|Any CPU
		{C3EC0559-C739-4760-B71F-95A51F74C7AC}.Ad-Hoc|x64.Build.0 = Debug|Any CPU
		{C3EC0559-C739-4760-B71F-95A51F74C7AC}.Ad-Hoc|x86.ActiveCfg = Debug|Any CPU
		{C3EC0559-C739-4760-B71F-95A51F74C7AC}.Ad-Hoc|x86.Build.0 = Debug|Any CPU
		{C3EC0559-C739-4760-B71F-95A51F74C7AC}.AppStore|Any CPU.ActiveCfg = Debug|Any CPU
		{C3EC0559-C739-4760-B71F-95A51F74C7AC}.AppStore|Any CPU.Build.0 = Debug|Any CPU
		{C3EC0559-C739-4760-B71F-95A51F74C7AC}.AppStore|ARM.ActiveCfg = Debug|Any CPU
		{C3EC0559-C739-4760-B71F-95A51F74C7AC}.AppStore|ARM.Build.0 = Debug|Any CPU
		{C3EC0559-C739-4760-B71F-95A51F74C7AC}.AppStore|iPhone.ActiveCfg = Debug|Any CPU
		{C3EC0559-C739-4760-B71F-95A51F74C7AC}.AppStore|iPhone.Build.0 = Debug|Any CPU
		{C3EC0559-C739-4760-B71F-95A51F74C7AC}.AppStore|iPhoneSimulator.ActiveCfg = Debug|Any CPU
		{C3EC0559-C739-4760-B71F-95A51F74C7AC}.AppStore|iPhoneSimulator.Build.0 = Debug|Any CPU
		{C3EC0559-C739-4760-B71F-95A51F74C7AC}.AppStore|x64.ActiveCfg = Debug|Any CPU
		{C3EC0559-C739-4760-B71F-95A51F74C7AC}.AppStore|x64.Build.0 = Debug|Any CPU
		{C3EC0559-C739-4760-B71F-95A51F74C7AC}.AppStore|x86.ActiveCfg = Debug|Any CPU
		{C3EC0559-C739-4760-B71F-95A51F74C7AC}.AppStore|x86.Build.0 = Debug|Any CPU
		{C3EC0559-C739-4760-B71F-95A51F74C7AC}.Debug|Any CPU.ActiveCfg = Debug|Any CPU
		{C3EC0559-C739-4760-B71F-95A51F74C7AC}.Debug|Any CPU.Build.0 = Debug|Any CPU
		{C3EC0559-C739-4760-B71F-95A51F74C7AC}.Debug|ARM.ActiveCfg = Debug|Any CPU
		{C3EC0559-C739-4760-B71F-95A51F74C7AC}.Debug|ARM.Build.0 = Debug|Any CPU
		{C3EC0559-C739-4760-B71F-95A51F74C7AC}.Debug|iPhone.ActiveCfg = Debug|Any CPU
		{C3EC0559-C739-4760-B71F-95A51F74C7AC}.Debug|iPhone.Build.0 = Debug|Any CPU
		{C3EC0559-C739-4760-B71F-95A51F74C7AC}.Debug|iPhoneSimulator.ActiveCfg = Debug|Any CPU
		{C3EC0559-C739-4760-B71F-95A51F74C7AC}.Debug|iPhoneSimulator.Build.0 = Debug|Any CPU
		{C3EC0559-C739-4760-B71F-95A51F74C7AC}.Debug|x64.ActiveCfg = Debug|Any CPU
		{C3EC0559-C739-4760-B71F-95A51F74C7AC}.Debug|x64.Build.0 = Debug|Any CPU
		{C3EC0559-C739-4760-B71F-95A51F74C7AC}.Debug|x86.ActiveCfg = Debug|Any CPU
		{C3EC0559-C739-4760-B71F-95A51F74C7AC}.Debug|x86.Build.0 = Debug|Any CPU
		{C3EC0559-C739-4760-B71F-95A51F74C7AC}.Release|Any CPU.ActiveCfg = Release|Any CPU
		{C3EC0559-C739-4760-B71F-95A51F74C7AC}.Release|Any CPU.Build.0 = Release|Any CPU
		{C3EC0559-C739-4760-B71F-95A51F74C7AC}.Release|ARM.ActiveCfg = Release|Any CPU
		{C3EC0559-C739-4760-B71F-95A51F74C7AC}.Release|ARM.Build.0 = Release|Any CPU
		{C3EC0559-C739-4760-B71F-95A51F74C7AC}.Release|iPhone.ActiveCfg = Release|Any CPU
		{C3EC0559-C739-4760-B71F-95A51F74C7AC}.Release|iPhone.Build.0 = Release|Any CPU
		{C3EC0559-C739-4760-B71F-95A51F74C7AC}.Release|iPhoneSimulator.ActiveCfg = Release|Any CPU
		{C3EC0559-C739-4760-B71F-95A51F74C7AC}.Release|iPhoneSimulator.Build.0 = Release|Any CPU
		{C3EC0559-C739-4760-B71F-95A51F74C7AC}.Release|x64.ActiveCfg = Release|Any CPU
		{C3EC0559-C739-4760-B71F-95A51F74C7AC}.Release|x64.Build.0 = Release|Any CPU
		{C3EC0559-C739-4760-B71F-95A51F74C7AC}.Release|x86.ActiveCfg = Release|Any CPU
		{C3EC0559-C739-4760-B71F-95A51F74C7AC}.Release|x86.Build.0 = Release|Any CPU
	EndGlobalSection
	GlobalSection(SolutionProperties) = preSolution
		HideSolutionNode = FALSE
	EndGlobalSection
	GlobalSection(ExtensibilityGlobals) = postSolution
		SolutionGuid = {78F3E3F4-D6BC-4D55-8C03-467A3065668F}
	EndGlobalSection
EndGlobal
