
Microsoft Visual Studio Solution File, Format Version 12.00
# Visual Studio 15
VisualStudioVersion = 15.0.27428.2015
MinimumVisualStudioVersion = 10.0.40219.1
Project("{FAE04EC0-301F-11D3-BF4B-00C04F79EFBC}") = "UwpImaging", "UwpImaging\UwpImaging.csproj", "{C74DBE0D-AD6B-44AE-99EB-DDA719CDAAE7}"
EndProject
Project("{9A19103F-16F7-4668-BE54-9A1E7A4F7556}") = "Imaging", "Imaging\Imaging.csproj", "{D783DC4D-FCF4-417A-A1AB-F22D98A24C99}"
EndProject
Project("{FAE04EC0-301F-11D3-BF4B-00C04F79EFBC}") = "ImagingClient", "ImagingClient\ImagingClient.csproj", "{58B85817-C4C5-4579-ABDC-03E8F84530B1}"
EndProject
Project("{FAE04EC0-301F-11D3-BF4B-00C04F79EFBC}") = "ImagingClient.Wpf", "ImagingClient.Wpf\ImagingClient.Wpf.csproj", "{4FA84195-8677-436B-B711-28541AD0C09A}"
EndProject
Project("{FAE04EC0-301F-11D3-BF4B-00C04F79EFBC}") = "ImagingClient.Uwp", "ImagingClient.Uwp\ImagingClient.Uwp.csproj", "{ABF146D7-00AF-462B-8A9E-0F02EE0F43C6}"
EndProject
Project("{FAE04EC0-301F-11D3-BF4B-00C04F79EFBC}") = "ImagingClient.Core", "ImagingClient.Core\ImagingClient.Core.csproj", "{5B552F82-CE4F-448C-9B96-D3CE3661A771}"
EndProject
Project("{FAE04EC0-301F-11D3-BF4B-00C04F79EFBC}") = "ImagingClient.Android", "ImagingClient.Android\ImagingClient.Android.csproj", "{FADF0E1F-4116-4E7E-8F07-298DA4C20535}"
EndProject
Global
	GlobalSection(SolutionConfigurationPlatforms) = preSolution
		Debug|Any CPU = Debug|Any CPU
		Debug|ARM = Debug|ARM
		Debug|x64 = Debug|x64
		Debug|x86 = Debug|x86
		Release|Any CPU = Release|Any CPU
		Release|ARM = Release|ARM
		Release|x64 = Release|x64
		Release|x86 = Release|x86
	EndGlobalSection
	GlobalSection(ProjectConfigurationPlatforms) = postSolution
		{C74DBE0D-AD6B-44AE-99EB-DDA719CDAAE7}.Debug|Any CPU.ActiveCfg = Debug|x86
		{C74DBE0D-AD6B-44AE-99EB-DDA719CDAAE7}.Debug|ARM.ActiveCfg = Debug|ARM
		{C74DBE0D-AD6B-44AE-99EB-DDA719CDAAE7}.Debug|ARM.Build.0 = Debug|ARM
		{C74DBE0D-AD6B-44AE-99EB-DDA719CDAAE7}.Debug|ARM.Deploy.0 = Debug|ARM
		{C74DBE0D-AD6B-44AE-99EB-DDA719CDAAE7}.Debug|x64.ActiveCfg = Debug|x64
		{C74DBE0D-AD6B-44AE-99EB-DDA719CDAAE7}.Debug|x64.Build.0 = Debug|x64
		{C74DBE0D-AD6B-44AE-99EB-DDA719CDAAE7}.Debug|x64.Deploy.0 = Debug|x64
		{C74DBE0D-AD6B-44AE-99EB-DDA719CDAAE7}.Debug|x86.ActiveCfg = Debug|x86
		{C74DBE0D-AD6B-44AE-99EB-DDA719CDAAE7}.Debug|x86.Build.0 = Debug|x86
		{C74DBE0D-AD6B-44AE-99EB-DDA719CDAAE7}.Debug|x86.Deploy.0 = Debug|x86
		{C74DBE0D-AD6B-44AE-99EB-DDA719CDAAE7}.Release|Any CPU.ActiveCfg = Release|x86
		{C74DBE0D-AD6B-44AE-99EB-DDA719CDAAE7}.Release|ARM.ActiveCfg = Release|ARM
		{C74DBE0D-AD6B-44AE-99EB-DDA719CDAAE7}.Release|ARM.Build.0 = Release|ARM
		{C74DBE0D-AD6B-44AE-99EB-DDA719CDAAE7}.Release|ARM.Deploy.0 = Release|ARM
		{C74DBE0D-AD6B-44AE-99EB-DDA719CDAAE7}.Release|x64.ActiveCfg = Release|x64
		{C74DBE0D-AD6B-44AE-99EB-DDA719CDAAE7}.Release|x64.Build.0 = Release|x64
		{C74DBE0D-AD6B-44AE-99EB-DDA719CDAAE7}.Release|x64.Deploy.0 = Release|x64
		{C74DBE0D-AD6B-44AE-99EB-DDA719CDAAE7}.Release|x86.ActiveCfg = Release|x86
		{C74DBE0D-AD6B-44AE-99EB-DDA719CDAAE7}.Release|x86.Build.0 = Release|x86
		{C74DBE0D-AD6B-44AE-99EB-DDA719CDAAE7}.Release|x86.Deploy.0 = Release|x86
		{D783DC4D-FCF4-417A-A1AB-F22D98A24C99}.Debug|Any CPU.ActiveCfg = Debug|Any CPU
		{D783DC4D-FCF4-417A-A1AB-F22D98A24C99}.Debug|Any CPU.Build.0 = Debug|Any CPU
		{D783DC4D-FCF4-417A-A1AB-F22D98A24C99}.Debug|ARM.ActiveCfg = Debug|Any CPU
		{D783DC4D-FCF4-417A-A1AB-F22D98A24C99}.Debug|ARM.Build.0 = Debug|Any CPU
		{D783DC4D-FCF4-417A-A1AB-F22D98A24C99}.Debug|x64.ActiveCfg = Debug|Any CPU
		{D783DC4D-FCF4-417A-A1AB-F22D98A24C99}.Debug|x64.Build.0 = Debug|Any CPU
		{D783DC4D-FCF4-417A-A1AB-F22D98A24C99}.Debug|x86.ActiveCfg = Debug|Any CPU
		{D783DC4D-FCF4-417A-A1AB-F22D98A24C99}.Debug|x86.Build.0 = Debug|Any CPU
		{D783DC4D-FCF4-417A-A1AB-F22D98A24C99}.Release|Any CPU.ActiveCfg = Release|Any CPU
		{D783DC4D-FCF4-417A-A1AB-F22D98A24C99}.Release|Any CPU.Build.0 = Release|Any CPU
		{D783DC4D-FCF4-417A-A1AB-F22D98A24C99}.Release|ARM.ActiveCfg = Release|Any CPU
		{D783DC4D-FCF4-417A-A1AB-F22D98A24C99}.Release|ARM.Build.0 = Release|Any CPU
		{D783DC4D-FCF4-417A-A1AB-F22D98A24C99}.Release|x64.ActiveCfg = Release|Any CPU
		{D783DC4D-FCF4-417A-A1AB-F22D98A24C99}.Release|x64.Build.0 = Release|Any CPU
		{D783DC4D-FCF4-417A-A1AB-F22D98A24C99}.Release|x86.ActiveCfg = Release|Any CPU
		{D783DC4D-FCF4-417A-A1AB-F22D98A24C99}.Release|x86.Build.0 = Release|Any CPU
		{58B85817-C4C5-4579-ABDC-03E8F84530B1}.Debug|Any CPU.ActiveCfg = Debug|Any CPU
		{58B85817-C4C5-4579-ABDC-03E8F84530B1}.Debug|Any CPU.Build.0 = Debug|Any CPU
		{58B85817-C4C5-4579-ABDC-03E8F84530B1}.Debug|ARM.ActiveCfg = Debug|Any CPU
		{58B85817-C4C5-4579-ABDC-03E8F84530B1}.Debug|ARM.Build.0 = Debug|Any CPU
		{58B85817-C4C5-4579-ABDC-03E8F84530B1}.Debug|x64.ActiveCfg = Debug|Any CPU
		{58B85817-C4C5-4579-ABDC-03E8F84530B1}.Debug|x64.Build.0 = Debug|Any CPU
		{58B85817-C4C5-4579-ABDC-03E8F84530B1}.Debug|x86.ActiveCfg = Debug|Any CPU
		{58B85817-C4C5-4579-ABDC-03E8F84530B1}.Debug|x86.Build.0 = Debug|Any CPU
		{58B85817-C4C5-4579-ABDC-03E8F84530B1}.Release|Any CPU.ActiveCfg = Release|Any CPU
		{58B85817-C4C5-4579-ABDC-03E8F84530B1}.Release|Any CPU.Build.0 = Release|Any CPU
		{58B85817-C4C5-4579-ABDC-03E8F84530B1}.Release|ARM.ActiveCfg = Release|Any CPU
		{58B85817-C4C5-4579-ABDC-03E8F84530B1}.Release|ARM.Build.0 = Release|Any CPU
		{58B85817-C4C5-4579-ABDC-03E8F84530B1}.Release|x64.ActiveCfg = Release|Any CPU
		{58B85817-C4C5-4579-ABDC-03E8F84530B1}.Release|x64.Build.0 = Release|Any CPU
		{58B85817-C4C5-4579-ABDC-03E8F84530B1}.Release|x86.ActiveCfg = Release|Any CPU
		{58B85817-C4C5-4579-ABDC-03E8F84530B1}.Release|x86.Build.0 = Release|Any CPU
		{4FA84195-8677-436B-B711-28541AD0C09A}.Debug|Any CPU.ActiveCfg = Debug|Any CPU
		{4FA84195-8677-436B-B711-28541AD0C09A}.Debug|Any CPU.Build.0 = Debug|Any CPU
		{4FA84195-8677-436B-B711-28541AD0C09A}.Debug|ARM.ActiveCfg = Debug|Any CPU
		{4FA84195-8677-436B-B711-28541AD0C09A}.Debug|ARM.Build.0 = Debug|Any CPU
		{4FA84195-8677-436B-B711-28541AD0C09A}.Debug|x64.ActiveCfg = Debug|Any CPU
		{4FA84195-8677-436B-B711-28541AD0C09A}.Debug|x64.Build.0 = Debug|Any CPU
		{4FA84195-8677-436B-B711-28541AD0C09A}.Debug|x86.ActiveCfg = Debug|Any CPU
		{4FA84195-8677-436B-B711-28541AD0C09A}.Debug|x86.Build.0 = Debug|Any CPU
		{4FA84195-8677-436B-B711-28541AD0C09A}.Release|Any CPU.ActiveCfg = Release|Any CPU
		{4FA84195-8677-436B-B711-28541AD0C09A}.Release|Any CPU.Build.0 = Release|Any CPU
		{4FA84195-8677-436B-B711-28541AD0C09A}.Release|ARM.ActiveCfg = Release|Any CPU
		{4FA84195-8677-436B-B711-28541AD0C09A}.Release|ARM.Build.0 = Release|Any CPU
		{4FA84195-8677-436B-B711-28541AD0C09A}.Release|x64.ActiveCfg = Release|Any CPU
		{4FA84195-8677-436B-B711-28541AD0C09A}.Release|x64.Build.0 = Release|Any CPU
		{4FA84195-8677-436B-B711-28541AD0C09A}.Release|x86.ActiveCfg = Release|Any CPU
		{4FA84195-8677-436B-B711-28541AD0C09A}.Release|x86.Build.0 = Release|Any CPU
		{ABF146D7-00AF-462B-8A9E-0F02EE0F43C6}.Debug|Any CPU.ActiveCfg = Debug|x86
		{ABF146D7-00AF-462B-8A9E-0F02EE0F43C6}.Debug|ARM.ActiveCfg = Debug|ARM
		{ABF146D7-00AF-462B-8A9E-0F02EE0F43C6}.Debug|ARM.Build.0 = Debug|ARM
		{ABF146D7-00AF-462B-8A9E-0F02EE0F43C6}.Debug|ARM.Deploy.0 = Debug|ARM
		{ABF146D7-00AF-462B-8A9E-0F02EE0F43C6}.Debug|x64.ActiveCfg = Debug|x64
		{ABF146D7-00AF-462B-8A9E-0F02EE0F43C6}.Debug|x64.Build.0 = Debug|x64
		{ABF146D7-00AF-462B-8A9E-0F02EE0F43C6}.Debug|x64.Deploy.0 = Debug|x64
		{ABF146D7-00AF-462B-8A9E-0F02EE0F43C6}.Debug|x86.ActiveCfg = Debug|x86
		{ABF146D7-00AF-462B-8A9E-0F02EE0F43C6}.Debug|x86.Build.0 = Debug|x86
		{ABF146D7-00AF-462B-8A9E-0F02EE0F43C6}.Debug|x86.Deploy.0 = Debug|x86
		{ABF146D7-00AF-462B-8A9E-0F02EE0F43C6}.Release|Any CPU.ActiveCfg = Release|x86
		{ABF146D7-00AF-462B-8A9E-0F02EE0F43C6}.Release|ARM.ActiveCfg = Release|ARM
		{ABF146D7-00AF-462B-8A9E-0F02EE0F43C6}.Release|ARM.Build.0 = Release|ARM
		{ABF146D7-00AF-462B-8A9E-0F02EE0F43C6}.Release|ARM.Deploy.0 = Release|ARM
		{ABF146D7-00AF-462B-8A9E-0F02EE0F43C6}.Release|x64.ActiveCfg = Release|x64
		{ABF146D7-00AF-462B-8A9E-0F02EE0F43C6}.Release|x64.Build.0 = Release|x64
		{ABF146D7-00AF-462B-8A9E-0F02EE0F43C6}.Release|x64.Deploy.0 = Release|x64
		{ABF146D7-00AF-462B-8A9E-0F02EE0F43C6}.Release|x86.ActiveCfg = Release|x86
		{ABF146D7-00AF-462B-8A9E-0F02EE0F43C6}.Release|x86.Build.0 = Release|x86
		{ABF146D7-00AF-462B-8A9E-0F02EE0F43C6}.Release|x86.Deploy.0 = Release|x86
		{5B552F82-CE4F-448C-9B96-D3CE3661A771}.Debug|Any CPU.ActiveCfg = Debug|Any CPU
		{5B552F82-CE4F-448C-9B96-D3CE3661A771}.Debug|Any CPU.Build.0 = Debug|Any CPU
		{5B552F82-CE4F-448C-9B96-D3CE3661A771}.Debug|ARM.ActiveCfg = Debug|Any CPU
		{5B552F82-CE4F-448C-9B96-D3CE3661A771}.Debug|ARM.Build.0 = Debug|Any CPU
		{5B552F82-CE4F-448C-9B96-D3CE3661A771}.Debug|x64.ActiveCfg = Debug|Any CPU
		{5B552F82-CE4F-448C-9B96-D3CE3661A771}.Debug|x64.Build.0 = Debug|Any CPU
		{5B552F82-CE4F-448C-9B96-D3CE3661A771}.Debug|x86.ActiveCfg = Debug|Any CPU
		{5B552F82-CE4F-448C-9B96-D3CE3661A771}.Debug|x86.Build.0 = Debug|Any CPU
		{5B552F82-CE4F-448C-9B96-D3CE3661A771}.Release|Any CPU.ActiveCfg = Release|Any CPU
		{5B552F82-CE4F-448C-9B96-D3CE3661A771}.Release|Any CPU.Build.0 = Release|Any CPU
		{5B552F82-CE4F-448C-9B96-D3CE3661A771}.Release|ARM.ActiveCfg = Release|Any CPU
		{5B552F82-CE4F-448C-9B96-D3CE3661A771}.Release|ARM.Build.0 = Release|Any CPU
		{5B552F82-CE4F-448C-9B96-D3CE3661A771}.Release|x64.ActiveCfg = Release|Any CPU
		{5B552F82-CE4F-448C-9B96-D3CE3661A771}.Release|x64.Build.0 = Release|Any CPU
		{5B552F82-CE4F-448C-9B96-D3CE3661A771}.Release|x86.ActiveCfg = Release|Any CPU
		{5B552F82-CE4F-448C-9B96-D3CE3661A771}.Release|x86.Build.0 = Release|Any CPU
		{FADF0E1F-4116-4E7E-8F07-298DA4C20535}.Debug|Any CPU.ActiveCfg = Debug|Any CPU
		{FADF0E1F-4116-4E7E-8F07-298DA4C20535}.Debug|Any CPU.Build.0 = Debug|Any CPU
		{FADF0E1F-4116-4E7E-8F07-298DA4C20535}.Debug|Any CPU.Deploy.0 = Debug|Any CPU
		{FADF0E1F-4116-4E7E-8F07-298DA4C20535}.Debug|ARM.ActiveCfg = Debug|Any CPU
		{FADF0E1F-4116-4E7E-8F07-298DA4C20535}.Debug|ARM.Build.0 = Debug|Any CPU
		{FADF0E1F-4116-4E7E-8F07-298DA4C20535}.Debug|ARM.Deploy.0 = Debug|Any CPU
		{FADF0E1F-4116-4E7E-8F07-298DA4C20535}.Debug|x64.ActiveCfg = Debug|Any CPU
		{FADF0E1F-4116-4E7E-8F07-298DA4C20535}.Debug|x64.Build.0 = Debug|Any CPU
		{FADF0E1F-4116-4E7E-8F07-298DA4C20535}.Debug|x64.Deploy.0 = Debug|Any CPU
		{FADF0E1F-4116-4E7E-8F07-298DA4C20535}.Debug|x86.ActiveCfg = Debug|Any CPU
		{FADF0E1F-4116-4E7E-8F07-298DA4C20535}.Debug|x86.Build.0 = Debug|Any CPU
		{FADF0E1F-4116-4E7E-8F07-298DA4C20535}.Debug|x86.Deploy.0 = Debug|Any CPU
		{FADF0E1F-4116-4E7E-8F07-298DA4C20535}.Release|Any CPU.ActiveCfg = Release|Any CPU
		{FADF0E1F-4116-4E7E-8F07-298DA4C20535}.Release|Any CPU.Build.0 = Release|Any CPU
		{FADF0E1F-4116-4E7E-8F07-298DA4C20535}.Release|Any CPU.Deploy.0 = Release|Any CPU
		{FADF0E1F-4116-4E7E-8F07-298DA4C20535}.Release|ARM.ActiveCfg = Release|Any CPU
		{FADF0E1F-4116-4E7E-8F07-298DA4C20535}.Release|ARM.Build.0 = Release|Any CPU
		{FADF0E1F-4116-4E7E-8F07-298DA4C20535}.Release|ARM.Deploy.0 = Release|Any CPU
		{FADF0E1F-4116-4E7E-8F07-298DA4C20535}.Release|x64.ActiveCfg = Release|Any CPU
		{FADF0E1F-4116-4E7E-8F07-298DA4C20535}.Release|x64.Build.0 = Release|Any CPU
		{FADF0E1F-4116-4E7E-8F07-298DA4C20535}.Release|x64.Deploy.0 = Release|Any CPU
		{FADF0E1F-4116-4E7E-8F07-298DA4C20535}.Release|x86.ActiveCfg = Release|Any CPU
		{FADF0E1F-4116-4E7E-8F07-298DA4C20535}.Release|x86.Build.0 = Release|Any CPU
		{FADF0E1F-4116-4E7E-8F07-298DA4C20535}.Release|x86.Deploy.0 = Release|Any CPU
	EndGlobalSection
	GlobalSection(SolutionProperties) = preSolution
		HideSolutionNode = FALSE
	EndGlobalSection
	GlobalSection(ExtensibilityGlobals) = postSolution
		SolutionGuid = {78F3E3F4-D6BC-4D55-8C03-467A3065668F}
	EndGlobalSection
EndGlobal
